// !$*UTF8*$!
{
	archiveVersion = 1;
	classes = {
	};
	objectVersion = 46;
	objects = {

/* Begin PBXAggregateTarget section */
		5C8CBE0C1BDE26A4006465D2 /* Configo-Universal */ = {
			isa = PBXAggregateTarget;
			buildConfigurationList = 5C8CBE101BDE26A4006465D2 /* Build configuration list for PBXAggregateTarget "Configo-Universal" */;
			buildPhases = (
				5C8CBE111BDE26AD006465D2 /* Universal Framework Generator */,
			);
			dependencies = (
			);
			name = "Configo-Universal";
			productName = "Configo-Universal";
		};
/* End PBXAggregateTarget section */

/* Begin PBXBuildFile section */
		34EBD68F8819E37ADEF61ECA /* libPods-ConfigoSDKTests.a in Frameworks */ = {isa = PBXBuildFile; fileRef = FA33823D21DA9B1EEB670A4C /* libPods-ConfigoSDKTests.a */; };
		5C05AE581C7E0DC400AD7D93 /* CFGConfigValueFetcher.h in Headers */ = {isa = PBXBuildFile; fileRef = 5C05AE561C7E0DC400AD7D93 /* CFGConfigValueFetcher.h */; };
		5C05AE591C7E0DC400AD7D93 /* CFGConfigValueFetcher.m in Sources */ = {isa = PBXBuildFile; fileRef = 5C05AE571C7E0DC400AD7D93 /* CFGConfigValueFetcher.m */; };
		5C05AE5B1C7E0F8600AD7D93 /* CFGConfigValueFetcherTests.m in Sources */ = {isa = PBXBuildFile; fileRef = 5C05AE5A1C7E0F8600AD7D93 /* CFGConfigValueFetcherTests.m */; };
		5C1186291BFA103A0048CBAA /* CFGPrivateConfigService.h in Headers */ = {isa = PBXBuildFile; fileRef = 5C1186271BFA103A0048CBAA /* CFGPrivateConfigService.h */; };
		5C11862A1BFA103A0048CBAA /* CFGPrivateConfigService.m in Sources */ = {isa = PBXBuildFile; fileRef = 5C1186281BFA103A0048CBAA /* CFGPrivateConfigService.m */; };
		5C1B63241B8F45C8000CCD9D /* CFGNetworkController.h in Headers */ = {isa = PBXBuildFile; fileRef = 5C1B63221B8F45C8000CCD9D /* CFGNetworkController.h */; };
		5C1B63251B8F45C8000CCD9D /* CFGNetworkController.m in Sources */ = {isa = PBXBuildFile; fileRef = 5C1B63231B8F45C8000CCD9D /* CFGNetworkController.m */; };
		5C27020D1C8272D900D7508E /* CFGFeature.h in Headers */ = {isa = PBXBuildFile; fileRef = 5C27020B1C8272D900D7508E /* CFGFeature.h */; };
		5C27020E1C8272D900D7508E /* CFGFeature.m in Sources */ = {isa = PBXBuildFile; fileRef = 5C27020C1C8272D900D7508E /* CFGFeature.m */; };
		5C2702121C82EBDA00D7508E /* CFGConfigController.h in Headers */ = {isa = PBXBuildFile; fileRef = 5C2702101C82EBDA00D7508E /* CFGConfigController.h */; };
		5C2702131C82EBDA00D7508E /* CFGConfigController.m in Sources */ = {isa = PBXBuildFile; fileRef = 5C2702111C82EBDA00D7508E /* CFGConfigController.m */; };
		5C33AB091B8CA84500D85791 /* CFGConfigoData.h in Headers */ = {isa = PBXBuildFile; fileRef = 5C33AB071B8CA84500D85791 /* CFGConfigoData.h */; };
		5C33AB0A1B8CA84500D85791 /* CFGConfigoData.m in Sources */ = {isa = PBXBuildFile; fileRef = 5C33AB081B8CA84500D85791 /* CFGConfigoData.m */; };
		5C33AB0E1B8CAD6400D85791 /* CFGFileController.h in Headers */ = {isa = PBXBuildFile; fileRef = 5C33AB0C1B8CAD6400D85791 /* CFGFileController.h */; };
		5C33AB0F1B8CAD6400D85791 /* CFGFileController.m in Sources */ = {isa = PBXBuildFile; fileRef = 5C33AB0D1B8CAD6400D85791 /* CFGFileController.m */; };
		5C37E9E91B821AAD001B80D6 /* CFGResponse.h in Headers */ = {isa = PBXBuildFile; fileRef = 5C37E9E71B821AAD001B80D6 /* CFGResponse.h */; };
		5C37E9EA1B821AAD001B80D6 /* CFGResponse.m in Sources */ = {isa = PBXBuildFile; fileRef = 5C37E9E81B821AAD001B80D6 /* CFGResponse.m */; };
		5C4222781C50E40C00434178 /* CFGFileControllerTests.m in Sources */ = {isa = PBXBuildFile; fileRef = 5C4222771C50E40C00434178 /* CFGFileControllerTests.m */; };
		5C42227D1C510F5200434178 /* CFGResponseFactory.m in Sources */ = {isa = PBXBuildFile; fileRef = 5C42227C1C510F5200434178 /* CFGResponseFactory.m */; };
		5C54701F1B84B55700C026D8 /* CFGInternalError.h in Headers */ = {isa = PBXBuildFile; fileRef = 5C54701D1B84B55700C026D8 /* CFGInternalError.h */; };
		5C5470201B84B55700C026D8 /* CFGInternalError.m in Sources */ = {isa = PBXBuildFile; fileRef = 5C54701E1B84B55700C026D8 /* CFGInternalError.m */; };
		5C87AF741C7E271B008D7785 /* Foundation.framework in Frameworks */ = {isa = PBXBuildFile; fileRef = 5C05AE5C1C7E140500AD7D93 /* Foundation.framework */; };
		5C88E3D21C4CE50C00527A25 /* ConfigoSDKTests.m in Sources */ = {isa = PBXBuildFile; fileRef = 5C88E3D11C4CE50C00527A25 /* ConfigoSDKTests.m */; };
		5C88E3D41C4CE50C00527A25 /* ConfigoSDK.framework in Frameworks */ = {isa = PBXBuildFile; fileRef = 5C93DE7D1B806E150074D62A /* ConfigoSDK.framework */; };
		5C88E3DB1C4CEF3000527A25 /* CoreTelephony.framework in Frameworks */ = {isa = PBXBuildFile; fileRef = 5C88E3DA1C4CEF3000527A25 /* CoreTelephony.framework */; };
		5C88E3DD1C4CEF3500527A25 /* SystemConfiguration.framework in Frameworks */ = {isa = PBXBuildFile; fileRef = 5C88E3DC1C4CEF3500527A25 /* SystemConfiguration.framework */; };
		5C88E3E41C4CF49500527A25 /* CFGConfigControllerTests.m in Sources */ = {isa = PBXBuildFile; fileRef = 5C88E3E31C4CF49500527A25 /* CFGConfigControllerTests.m */; };
		5C93DE831B806E150074D62A /* ConfigoSDK.h in Headers */ = {isa = PBXBuildFile; fileRef = 5C93DE821B806E150074D62A /* ConfigoSDK.h */; settings = {ATTRIBUTES = (Public, ); }; };
		5C93DEE41B80744D0074D62A /* Configo.h in Headers */ = {isa = PBXBuildFile; fileRef = 5C93DEE21B80744D0074D62A /* Configo.h */; settings = {ATTRIBUTES = (Public, ); }; };
		5C93DEE51B80744D0074D62A /* Configo.m in Sources */ = {isa = PBXBuildFile; fileRef = 5C93DEE31B80744D0074D62A /* Configo.m */; };
		5CACCDC41B821120009E343C /* CFGResponseHeader.h in Headers */ = {isa = PBXBuildFile; fileRef = 5CACCDC21B821120009E343C /* CFGResponseHeader.h */; };
		5CACCDC51B821120009E343C /* CFGResponseHeader.m in Sources */ = {isa = PBXBuildFile; fileRef = 5CACCDC31B821120009E343C /* CFGResponseHeader.m */; };
		5CACEF811C2FE665005E6111 /* CFGConstants.h in Headers */ = {isa = PBXBuildFile; fileRef = 5CACEF7F1C2FE665005E6111 /* CFGConstants.h */; };
		5CACEF821C2FE665005E6111 /* CFGConstants.m in Sources */ = {isa = PBXBuildFile; fileRef = 5CACEF801C2FE665005E6111 /* CFGConstants.m */; };
		5CB451DD1BFE10A100BB0E97 /* CFGLogger.h in Headers */ = {isa = PBXBuildFile; fileRef = 5CB451DB1BFE10A100BB0E97 /* CFGLogger.h */; };
		5CB451DE1BFE10A100BB0E97 /* CFGLogger.m in Sources */ = {isa = PBXBuildFile; fileRef = 5CB451DC1BFE10A100BB0E97 /* CFGLogger.m */; };
		5CB451E01BFE127200BB0E97 /* CFGLogLevel.h in Headers */ = {isa = PBXBuildFile; fileRef = 5CB451DF1BFE125900BB0E97 /* CFGLogLevel.h */; settings = {ATTRIBUTES = (Public, ); }; };
		5CDD0EA41C846A640040784C /* v1-status-false-success.json in Resources */ = {isa = PBXBuildFile; fileRef = 5CDD0EA21C846A640040784C /* v1-status-false-success.json */; };
		5CDD0EA51C846A640040784C /* v2-getConfig-success.json in Resources */ = {isa = PBXBuildFile; fileRef = 5CDD0EA31C846A640040784C /* v2-getConfig-success.json */; };
		5CEA82F11B8DF976008F6D3B /* CFGConfigoDataController.h in Headers */ = {isa = PBXBuildFile; fileRef = 5CEA82EF1B8DF976008F6D3B /* CFGConfigoDataController.h */; };
		5CEA82F21B8DF976008F6D3B /* CFGConfigoDataController.m in Sources */ = {isa = PBXBuildFile; fileRef = 5CEA82F01B8DF976008F6D3B /* CFGConfigoDataController.m */; };
		5CEE86621C4D4DF400D310C2 /* CFGConfig.h in Headers */ = {isa = PBXBuildFile; fileRef = 5CEE86601C4D4DF400D310C2 /* CFGConfig.h */; };
		5CEE86631C4D4DF400D310C2 /* CFGConfig.m in Sources */ = {isa = PBXBuildFile; fileRef = 5CEE86611C4D4DF400D310C2 /* CFGConfig.m */; };
		5CF08C1F1C26FBAD00A85493 /* NNJSONObject.h in Headers */ = {isa = PBXBuildFile; fileRef = 5CF08BC61C26FBAD00A85493 /* NNJSONObject.h */; };
		5CF08C201C26FBAD00A85493 /* NNJSONObject.m in Sources */ = {isa = PBXBuildFile; fileRef = 5CF08BC71C26FBAD00A85493 /* NNJSONObject.m */; };
		5CF08C211C26FBAD00A85493 /* NNReachability.h in Headers */ = {isa = PBXBuildFile; fileRef = 5CF08BC91C26FBAD00A85493 /* NNReachability.h */; };
		5CF08C221C26FBAD00A85493 /* NNReachability.m in Sources */ = {isa = PBXBuildFile; fileRef = 5CF08BCA1C26FBAD00A85493 /* NNReachability.m */; };
		5CF08C231C26FBAD00A85493 /* NNReachabilityManager.h in Headers */ = {isa = PBXBuildFile; fileRef = 5CF08BCB1C26FBAD00A85493 /* NNReachabilityManager.h */; };
		5CF08C241C26FBAD00A85493 /* NNReachabilityManager.m in Sources */ = {isa = PBXBuildFile; fileRef = 5CF08BCC1C26FBAD00A85493 /* NNReachabilityManager.m */; };
		5CF08C251C26FBAD00A85493 /* NNSecurity.h in Headers */ = {isa = PBXBuildFile; fileRef = 5CF08BCE1C26FBAD00A85493 /* NNSecurity.h */; };
		5CF08C261C26FBAD00A85493 /* NNSecurity.m in Sources */ = {isa = PBXBuildFile; fileRef = 5CF08BCF1C26FBAD00A85493 /* NNSecurity.m */; };
		5CF08C271C26FBAD00A85493 /* NNAsyncRequest.h in Headers */ = {isa = PBXBuildFile; fileRef = 5CF08BD21C26FBAD00A85493 /* NNAsyncRequest.h */; };
		5CF08C281C26FBAD00A85493 /* NNAsyncRequest.m in Sources */ = {isa = PBXBuildFile; fileRef = 5CF08BD31C26FBAD00A85493 /* NNAsyncRequest.m */; };
		5CF08C291C26FBAD00A85493 /* NNURLConstants.h in Headers */ = {isa = PBXBuildFile; fileRef = 5CF08BD51C26FBAD00A85493 /* NNURLConstants.h */; };
		5CF08C2A1C26FBAD00A85493 /* NNURLConstants.m in Sources */ = {isa = PBXBuildFile; fileRef = 5CF08BD61C26FBAD00A85493 /* NNURLConstants.m */; };
		5CF08C2B1C26FBAD00A85493 /* NNURLConnection.h in Headers */ = {isa = PBXBuildFile; fileRef = 5CF08BD81C26FBAD00A85493 /* NNURLConnection.h */; };
		5CF08C2C1C26FBAD00A85493 /* NNURLConnection.m in Sources */ = {isa = PBXBuildFile; fileRef = 5CF08BD91C26FBAD00A85493 /* NNURLConnection.m */; };
		5CF08C2D1C26FBAD00A85493 /* NNURLConnectionManager.h in Headers */ = {isa = PBXBuildFile; fileRef = 5CF08BDA1C26FBAD00A85493 /* NNURLConnectionManager.h */; };
		5CF08C2E1C26FBAD00A85493 /* NNURLConnectionManager.m in Sources */ = {isa = PBXBuildFile; fileRef = 5CF08BDB1C26FBAD00A85493 /* NNURLConnectionManager.m */; };
		5CF08C2F1C26FBAD00A85493 /* NNURLRequestSerializer.h in Headers */ = {isa = PBXBuildFile; fileRef = 5CF08BDD1C26FBAD00A85493 /* NNURLRequestSerializer.h */; };
		5CF08C301C26FBAD00A85493 /* NNURLRequestSerializer.m in Sources */ = {isa = PBXBuildFile; fileRef = 5CF08BDE1C26FBAD00A85493 /* NNURLRequestSerializer.m */; };
		5CF08C311C26FBAD00A85493 /* NNURLResponseSerializer.h in Headers */ = {isa = PBXBuildFile; fileRef = 5CF08BE01C26FBAD00A85493 /* NNURLResponseSerializer.h */; };
		5CF08C321C26FBAD00A85493 /* NNURLResponseSerializer.m in Sources */ = {isa = PBXBuildFile; fileRef = 5CF08BE11C26FBAD00A85493 /* NNURLResponseSerializer.m */; };
		5CF08C331C26FBAD00A85493 /* NSArray+NNAdditions.h in Headers */ = {isa = PBXBuildFile; fileRef = 5CF08BE51C26FBAD00A85493 /* NSArray+NNAdditions.h */; };
		5CF08C341C26FBAD00A85493 /* NSArray+NNAdditions.m in Sources */ = {isa = PBXBuildFile; fileRef = 5CF08BE61C26FBAD00A85493 /* NSArray+NNAdditions.m */; };
		5CF08C351C26FBAD00A85493 /* NSData+NNAdditions.h in Headers */ = {isa = PBXBuildFile; fileRef = 5CF08BE81C26FBAD00A85493 /* NSData+NNAdditions.h */; };
		5CF08C361C26FBAD00A85493 /* NSData+NNAdditions.m in Sources */ = {isa = PBXBuildFile; fileRef = 5CF08BE91C26FBAD00A85493 /* NSData+NNAdditions.m */; };
		5CF08C371C26FBAD00A85493 /* NSData+NNSecurity.h in Headers */ = {isa = PBXBuildFile; fileRef = 5CF08BEA1C26FBAD00A85493 /* NSData+NNSecurity.h */; };
		5CF08C381C26FBAD00A85493 /* NSData+NNSecurity.m in Sources */ = {isa = PBXBuildFile; fileRef = 5CF08BEB1C26FBAD00A85493 /* NSData+NNSecurity.m */; };
		5CF08C391C26FBAD00A85493 /* NSDate+NNAdditions.h in Headers */ = {isa = PBXBuildFile; fileRef = 5CF08BED1C26FBAD00A85493 /* NSDate+NNAdditions.h */; };
		5CF08C3A1C26FBAD00A85493 /* NSDate+NNAdditions.m in Sources */ = {isa = PBXBuildFile; fileRef = 5CF08BEE1C26FBAD00A85493 /* NSDate+NNAdditions.m */; };
		5CF08C3B1C26FBAD00A85493 /* NSDictionary+NNAdditions.h in Headers */ = {isa = PBXBuildFile; fileRef = 5CF08BF01C26FBAD00A85493 /* NSDictionary+NNAdditions.h */; };
		5CF08C3C1C26FBAD00A85493 /* NSDictionary+NNAdditions.m in Sources */ = {isa = PBXBuildFile; fileRef = 5CF08BF11C26FBAD00A85493 /* NSDictionary+NNAdditions.m */; };
		5CF08C3D1C26FBAD00A85493 /* NSError+NNAdditions.h in Headers */ = {isa = PBXBuildFile; fileRef = 5CF08BF31C26FBAD00A85493 /* NSError+NNAdditions.h */; };
		5CF08C3E1C26FBAD00A85493 /* NSError+NNAdditions.m in Sources */ = {isa = PBXBuildFile; fileRef = 5CF08BF41C26FBAD00A85493 /* NSError+NNAdditions.m */; };
		5CF08C3F1C26FBAD00A85493 /* NSObject+NNAdditions.h in Headers */ = {isa = PBXBuildFile; fileRef = 5CF08BF61C26FBAD00A85493 /* NSObject+NNAdditions.h */; };
		5CF08C401C26FBAD00A85493 /* NSObject+NNAdditions.m in Sources */ = {isa = PBXBuildFile; fileRef = 5CF08BF71C26FBAD00A85493 /* NSObject+NNAdditions.m */; };
		5CF08C411C26FBAD00A85493 /* NSString+NNAdditions.h in Headers */ = {isa = PBXBuildFile; fileRef = 5CF08BF91C26FBAD00A85493 /* NSString+NNAdditions.h */; };
		5CF08C421C26FBAD00A85493 /* NSString+NNAdditions.m in Sources */ = {isa = PBXBuildFile; fileRef = 5CF08BFA1C26FBAD00A85493 /* NSString+NNAdditions.m */; };
		5CF08C431C26FBAD00A85493 /* NSURL+NNAddtions.h in Headers */ = {isa = PBXBuildFile; fileRef = 5CF08BFC1C26FBAD00A85493 /* NSURL+NNAddtions.h */; };
		5CF08C441C26FBAD00A85493 /* NSURL+NNAddtions.m in Sources */ = {isa = PBXBuildFile; fileRef = 5CF08BFD1C26FBAD00A85493 /* NSURL+NNAddtions.m */; };
		5CF08C451C26FBAD00A85493 /* NNSelectable.h in Headers */ = {isa = PBXBuildFile; fileRef = 5CF08BFF1C26FBAD00A85493 /* NNSelectable.h */; };
		5CF08C461C26FBAD00A85493 /* UIDevice+NNAdditions.h in Headers */ = {isa = PBXBuildFile; fileRef = 5CF08C031C26FBAD00A85493 /* UIDevice+NNAdditions.h */; };
		5CF08C471C26FBAD00A85493 /* UIDevice+NNAdditions.m in Sources */ = {isa = PBXBuildFile; fileRef = 5CF08C041C26FBAD00A85493 /* UIDevice+NNAdditions.m */; };
		5CF08C4A1C26FBAD00A85493 /* NNJSONUtilities.h in Headers */ = {isa = PBXBuildFile; fileRef = 5CF08C0A1C26FBAD00A85493 /* NNJSONUtilities.h */; };
		5CF08C4B1C26FBAD00A85493 /* NNJSONUtilities.m in Sources */ = {isa = PBXBuildFile; fileRef = 5CF08C0B1C26FBAD00A85493 /* NNJSONUtilities.m */; };
		5CF08C4C1C26FBAD00A85493 /* NNLogger.h in Headers */ = {isa = PBXBuildFile; fileRef = 5CF08C0D1C26FBAD00A85493 /* NNLogger.h */; };
		5CF08C4D1C26FBAD00A85493 /* NNLogger.m in Sources */ = {isa = PBXBuildFile; fileRef = 5CF08C0E1C26FBAD00A85493 /* NNLogger.m */; };
		5CF08C4E1C26FBAD00A85493 /* NNUtilities.h in Headers */ = {isa = PBXBuildFile; fileRef = 5CF08C101C26FBAD00A85493 /* NNUtilities.h */; };
		5CF08C4F1C26FBAD00A85493 /* NNUtilities.m in Sources */ = {isa = PBXBuildFile; fileRef = 5CF08C111C26FBAD00A85493 /* NNUtilities.m */; };
		5CF08C501C26FBAD00A85493 /* NNConstants.h in Headers */ = {isa = PBXBuildFile; fileRef = 5CF08C131C26FBAD00A85493 /* NNConstants.h */; };
		5CF08C511C26FBAD00A85493 /* NNConstants.m in Sources */ = {isa = PBXBuildFile; fileRef = 5CF08C141C26FBAD00A85493 /* NNConstants.m */; };
		5CF08C521C26FBAD00A85493 /* NNLibrariesEssentials.h in Headers */ = {isa = PBXBuildFile; fileRef = 5CF08C151C26FBAD00A85493 /* NNLibrariesEssentials.h */; };
		5CF08C561C26FBAD00A85493 /* NNUICKeyChainStore.h in Headers */ = {isa = PBXBuildFile; fileRef = 5CF08C1C1C26FBAD00A85493 /* NNUICKeyChainStore.h */; };
		5CF08C571C26FBAD00A85493 /* NNUICKeyChainStore.m in Sources */ = {isa = PBXBuildFile; fileRef = 5CF08C1D1C26FBAD00A85493 /* NNUICKeyChainStore.m */; };
/* End PBXBuildFile section */

/* Begin PBXContainerItemProxy section */
		5C88E3D51C4CE50C00527A25 /* PBXContainerItemProxy */ = {
			isa = PBXContainerItemProxy;
			containerPortal = 5C93DE741B806E150074D62A /* Project object */;
			proxyType = 1;
			remoteGlobalIDString = 5C93DE7C1B806E150074D62A;
			remoteInfo = ConfigoSDK;
		};
/* End PBXContainerItemProxy section */

/* Begin PBXFileReference section */
		1C11C850F2514EFE6EB29343 /* Pods-ConfigoSDKTests.debug.xcconfig */ = {isa = PBXFileReference; includeInIndex = 1; lastKnownFileType = text.xcconfig; name = "Pods-ConfigoSDKTests.debug.xcconfig"; path = "Pods/Target Support Files/Pods-ConfigoSDKTests/Pods-ConfigoSDKTests.debug.xcconfig"; sourceTree = "<group>"; };
		1F394503302E03E981E51AF3 /* Pods-ConfigoSDKTests.release.xcconfig */ = {isa = PBXFileReference; includeInIndex = 1; lastKnownFileType = text.xcconfig; name = "Pods-ConfigoSDKTests.release.xcconfig"; path = "Pods/Target Support Files/Pods-ConfigoSDKTests/Pods-ConfigoSDKTests.release.xcconfig"; sourceTree = "<group>"; };
		5C05AE561C7E0DC400AD7D93 /* CFGConfigValueFetcher.h */ = {isa = PBXFileReference; fileEncoding = 4; lastKnownFileType = sourcecode.c.h; name = CFGConfigValueFetcher.h; path = Classes/Toolbox/CFGConfigValueFetcher.h; sourceTree = "<group>"; };
		5C05AE571C7E0DC400AD7D93 /* CFGConfigValueFetcher.m */ = {isa = PBXFileReference; fileEncoding = 4; lastKnownFileType = sourcecode.c.objc; name = CFGConfigValueFetcher.m; path = Classes/Toolbox/CFGConfigValueFetcher.m; sourceTree = "<group>"; };
		5C05AE5A1C7E0F8600AD7D93 /* CFGConfigValueFetcherTests.m */ = {isa = PBXFileReference; fileEncoding = 4; lastKnownFileType = sourcecode.c.objc; path = CFGConfigValueFetcherTests.m; sourceTree = "<group>"; };
		5C05AE5C1C7E140500AD7D93 /* Foundation.framework */ = {isa = PBXFileReference; lastKnownFileType = wrapper.framework; name = Foundation.framework; path = System/Library/Frameworks/Foundation.framework; sourceTree = SDKROOT; };
		5C1186271BFA103A0048CBAA /* CFGPrivateConfigService.h */ = {isa = PBXFileReference; fileEncoding = 4; lastKnownFileType = sourcecode.c.h; name = CFGPrivateConfigService.h; path = "Classes/Controllers/Private Config Controller/CFGPrivateConfigService.h"; sourceTree = "<group>"; };
		5C1186281BFA103A0048CBAA /* CFGPrivateConfigService.m */ = {isa = PBXFileReference; fileEncoding = 4; lastKnownFileType = sourcecode.c.objc; lineEnding = 0; name = CFGPrivateConfigService.m; path = "Classes/Controllers/Private Config Controller/CFGPrivateConfigService.m"; sourceTree = "<group>"; xcLanguageSpecificationIdentifier = xcode.lang.objc; };
		5C1B63221B8F45C8000CCD9D /* CFGNetworkController.h */ = {isa = PBXFileReference; fileEncoding = 4; lastKnownFileType = sourcecode.c.h; name = CFGNetworkController.h; path = "Classes/Controllers/Network Controller/CFGNetworkController.h"; sourceTree = "<group>"; };
		5C1B63231B8F45C8000CCD9D /* CFGNetworkController.m */ = {isa = PBXFileReference; fileEncoding = 4; lastKnownFileType = sourcecode.c.objc; lineEnding = 0; name = CFGNetworkController.m; path = "Classes/Controllers/Network Controller/CFGNetworkController.m"; sourceTree = "<group>"; xcLanguageSpecificationIdentifier = xcode.lang.objc; };
		5C27020B1C8272D900D7508E /* CFGFeature.h */ = {isa = PBXFileReference; fileEncoding = 4; lastKnownFileType = sourcecode.c.h; name = CFGFeature.h; path = Classes/Models/Config/CFGFeature.h; sourceTree = "<group>"; };
		5C27020C1C8272D900D7508E /* CFGFeature.m */ = {isa = PBXFileReference; fileEncoding = 4; lastKnownFileType = sourcecode.c.objc; name = CFGFeature.m; path = Classes/Models/Config/CFGFeature.m; sourceTree = "<group>"; };
		5C2702101C82EBDA00D7508E /* CFGConfigController.h */ = {isa = PBXFileReference; fileEncoding = 4; lastKnownFileType = sourcecode.c.h; path = CFGConfigController.h; sourceTree = "<group>"; };
		5C2702111C82EBDA00D7508E /* CFGConfigController.m */ = {isa = PBXFileReference; fileEncoding = 4; lastKnownFileType = sourcecode.c.objc; path = CFGConfigController.m; sourceTree = "<group>"; };
		5C33AB071B8CA84500D85791 /* CFGConfigoData.h */ = {isa = PBXFileReference; fileEncoding = 4; lastKnownFileType = sourcecode.c.h; lineEnding = 0; name = CFGConfigoData.h; path = "Classes/Models/Configo Data/CFGConfigoData.h"; sourceTree = "<group>"; xcLanguageSpecificationIdentifier = xcode.lang.objcpp; };
		5C33AB081B8CA84500D85791 /* CFGConfigoData.m */ = {isa = PBXFileReference; fileEncoding = 4; lastKnownFileType = sourcecode.c.objc; lineEnding = 0; name = CFGConfigoData.m; path = "Classes/Models/Configo Data/CFGConfigoData.m"; sourceTree = "<group>"; xcLanguageSpecificationIdentifier = xcode.lang.objc; };
		5C33AB0C1B8CAD6400D85791 /* CFGFileController.h */ = {isa = PBXFileReference; fileEncoding = 4; lastKnownFileType = sourcecode.c.h; path = CFGFileController.h; sourceTree = "<group>"; };
		5C33AB0D1B8CAD6400D85791 /* CFGFileController.m */ = {isa = PBXFileReference; fileEncoding = 4; lastKnownFileType = sourcecode.c.objc; lineEnding = 0; path = CFGFileController.m; sourceTree = "<group>"; xcLanguageSpecificationIdentifier = xcode.lang.objc; };
		5C33AB121B8CB58E00D85791 /* CFGErrorConstants.h */ = {isa = PBXFileReference; lastKnownFileType = sourcecode.c.h; name = CFGErrorConstants.h; path = Constants/CFGErrorConstants.h; sourceTree = "<group>"; };
		5C37E9E71B821AAD001B80D6 /* CFGResponse.h */ = {isa = PBXFileReference; fileEncoding = 4; lastKnownFileType = sourcecode.c.h; lineEnding = 0; name = CFGResponse.h; path = Classes/Models/Response/CFGResponse.h; sourceTree = "<group>"; xcLanguageSpecificationIdentifier = xcode.lang.objcpp; };
		5C37E9E81B821AAD001B80D6 /* CFGResponse.m */ = {isa = PBXFileReference; fileEncoding = 4; lastKnownFileType = sourcecode.c.objc; lineEnding = 0; name = CFGResponse.m; path = Classes/Models/Response/CFGResponse.m; sourceTree = "<group>"; xcLanguageSpecificationIdentifier = xcode.lang.objc; };
		5C4222771C50E40C00434178 /* CFGFileControllerTests.m */ = {isa = PBXFileReference; fileEncoding = 4; lastKnownFileType = sourcecode.c.objc; path = CFGFileControllerTests.m; sourceTree = "<group>"; };
		5C42227B1C510F5200434178 /* CFGResponseFactory.h */ = {isa = PBXFileReference; fileEncoding = 4; lastKnownFileType = sourcecode.c.h; name = CFGResponseFactory.h; path = Factory/CFGResponse/CFGResponseFactory.h; sourceTree = "<group>"; };
		5C42227C1C510F5200434178 /* CFGResponseFactory.m */ = {isa = PBXFileReference; fileEncoding = 4; lastKnownFileType = sourcecode.c.objc; name = CFGResponseFactory.m; path = Factory/CFGResponse/CFGResponseFactory.m; sourceTree = "<group>"; };
		5C54701D1B84B55700C026D8 /* CFGInternalError.h */ = {isa = PBXFileReference; fileEncoding = 4; lastKnownFileType = sourcecode.c.h; lineEnding = 0; name = CFGInternalError.h; path = "Classes/Models/Response Header/Internal Error/CFGInternalError.h"; sourceTree = "<group>"; xcLanguageSpecificationIdentifier = xcode.lang.objcpp; };
		5C54701E1B84B55700C026D8 /* CFGInternalError.m */ = {isa = PBXFileReference; fileEncoding = 4; lastKnownFileType = sourcecode.c.objc; lineEnding = 0; name = CFGInternalError.m; path = "Classes/Models/Response Header/Internal Error/CFGInternalError.m"; sourceTree = "<group>"; xcLanguageSpecificationIdentifier = xcode.lang.objc; };
		5C7BAB2B1C3C2A3B00889570 /* ConfigoSDK.podspec */ = {isa = PBXFileReference; lastKnownFileType = text; name = ConfigoSDK.podspec; path = /Users/natanavra/Projects/Development/Configo/iOS/ConfigoSDK.podspec; sourceTree = "<absolute>"; };
		5C88E3CF1C4CE50C00527A25 /* ConfigoSDKTests.xctest */ = {isa = PBXFileReference; explicitFileType = wrapper.cfbundle; includeInIndex = 0; path = ConfigoSDKTests.xctest; sourceTree = BUILT_PRODUCTS_DIR; };
		5C88E3D11C4CE50C00527A25 /* ConfigoSDKTests.m */ = {isa = PBXFileReference; lastKnownFileType = sourcecode.c.objc; path = ConfigoSDKTests.m; sourceTree = "<group>"; };
		5C88E3D31C4CE50C00527A25 /* Info.plist */ = {isa = PBXFileReference; lastKnownFileType = text.plist.xml; path = Info.plist; sourceTree = "<group>"; };
		5C88E3DA1C4CEF3000527A25 /* CoreTelephony.framework */ = {isa = PBXFileReference; lastKnownFileType = wrapper.framework; name = CoreTelephony.framework; path = System/Library/Frameworks/CoreTelephony.framework; sourceTree = SDKROOT; };
		5C88E3DC1C4CEF3500527A25 /* SystemConfiguration.framework */ = {isa = PBXFileReference; lastKnownFileType = wrapper.framework; name = SystemConfiguration.framework; path = System/Library/Frameworks/SystemConfiguration.framework; sourceTree = SDKROOT; };
		5C88E3E31C4CF49500527A25 /* CFGConfigControllerTests.m */ = {isa = PBXFileReference; fileEncoding = 4; lastKnownFileType = sourcecode.c.objc; path = CFGConfigControllerTests.m; sourceTree = "<group>"; };
		5C93DE7D1B806E150074D62A /* ConfigoSDK.framework */ = {isa = PBXFileReference; explicitFileType = wrapper.framework; includeInIndex = 0; path = ConfigoSDK.framework; sourceTree = BUILT_PRODUCTS_DIR; };
		5C93DE811B806E150074D62A /* Info.plist */ = {isa = PBXFileReference; lastKnownFileType = text.plist.xml; path = Info.plist; sourceTree = "<group>"; };
		5C93DE821B806E150074D62A /* ConfigoSDK.h */ = {isa = PBXFileReference; lastKnownFileType = sourcecode.c.h; path = ConfigoSDK.h; sourceTree = "<group>"; };
		5C93DEE21B80744D0074D62A /* Configo.h */ = {isa = PBXFileReference; fileEncoding = 4; lastKnownFileType = sourcecode.c.h; name = Configo.h; path = Classes/Configo.h; sourceTree = "<group>"; };
		5C93DEE31B80744D0074D62A /* Configo.m */ = {isa = PBXFileReference; fileEncoding = 4; lastKnownFileType = sourcecode.c.objc; name = Configo.m; path = Classes/Configo.m; sourceTree = "<group>"; };
		5CACCDC21B821120009E343C /* CFGResponseHeader.h */ = {isa = PBXFileReference; fileEncoding = 4; lastKnownFileType = sourcecode.c.h; lineEnding = 0; name = CFGResponseHeader.h; path = "Classes/Models/Response Header/CFGResponseHeader.h"; sourceTree = "<group>"; xcLanguageSpecificationIdentifier = xcode.lang.objcpp; };
		5CACCDC31B821120009E343C /* CFGResponseHeader.m */ = {isa = PBXFileReference; fileEncoding = 4; lastKnownFileType = sourcecode.c.objc; lineEnding = 0; name = CFGResponseHeader.m; path = "Classes/Models/Response Header/CFGResponseHeader.m"; sourceTree = "<group>"; xcLanguageSpecificationIdentifier = xcode.lang.objc; };
		5CACEF7F1C2FE665005E6111 /* CFGConstants.h */ = {isa = PBXFileReference; fileEncoding = 4; lastKnownFileType = sourcecode.c.h; name = CFGConstants.h; path = Constants/CFGConstants.h; sourceTree = "<group>"; };
		5CACEF801C2FE665005E6111 /* CFGConstants.m */ = {isa = PBXFileReference; fileEncoding = 4; lastKnownFileType = sourcecode.c.objc; name = CFGConstants.m; path = Constants/CFGConstants.m; sourceTree = "<group>"; };
		5CB451DB1BFE10A100BB0E97 /* CFGLogger.h */ = {isa = PBXFileReference; fileEncoding = 4; lastKnownFileType = sourcecode.c.h; name = CFGLogger.h; path = Classes/Toolbox/CFGLogger.h; sourceTree = "<group>"; };
		5CB451DC1BFE10A100BB0E97 /* CFGLogger.m */ = {isa = PBXFileReference; fileEncoding = 4; lastKnownFileType = sourcecode.c.objc; name = CFGLogger.m; path = Classes/Toolbox/CFGLogger.m; sourceTree = "<group>"; };
		5CB451DF1BFE125900BB0E97 /* CFGLogLevel.h */ = {isa = PBXFileReference; lastKnownFileType = sourcecode.c.h; name = CFGLogLevel.h; path = Constants/CFGLogLevel.h; sourceTree = "<group>"; };
		5CDD0EA21C846A640040784C /* v1-status-false-success.json */ = {isa = PBXFileReference; fileEncoding = 4; lastKnownFileType = text.json; name = "v1-status-false-success.json"; path = "../../../response-files/v1-status-false-success.json"; sourceTree = "<group>"; };
		5CDD0EA31C846A640040784C /* v2-getConfig-success.json */ = {isa = PBXFileReference; fileEncoding = 4; lastKnownFileType = text.json; name = "v2-getConfig-success.json"; path = "../../../response-files/v2-getConfig-success.json"; sourceTree = "<group>"; };
		5CE91FE71C7F54B800DF9A8D /* CHANGELOG.md */ = {isa = PBXFileReference; fileEncoding = 4; lastKnownFileType = net.daringfireball.markdown; name = CHANGELOG.md; path = ../CHANGELOG.md; sourceTree = "<group>"; };
		5CEA82EF1B8DF976008F6D3B /* CFGConfigoDataController.h */ = {isa = PBXFileReference; fileEncoding = 4; lastKnownFileType = sourcecode.c.h; path = CFGConfigoDataController.h; sourceTree = "<group>"; };
		5CEA82F01B8DF976008F6D3B /* CFGConfigoDataController.m */ = {isa = PBXFileReference; fileEncoding = 4; lastKnownFileType = sourcecode.c.objc; lineEnding = 0; path = CFGConfigoDataController.m; sourceTree = "<group>"; xcLanguageSpecificationIdentifier = xcode.lang.objc; };
		5CEE86601C4D4DF400D310C2 /* CFGConfig.h */ = {isa = PBXFileReference; fileEncoding = 4; lastKnownFileType = sourcecode.c.h; name = CFGConfig.h; path = Classes/Models/Config/CFGConfig.h; sourceTree = "<group>"; };
		5CEE86611C4D4DF400D310C2 /* CFGConfig.m */ = {isa = PBXFileReference; fileEncoding = 4; lastKnownFileType = sourcecode.c.objc; name = CFGConfig.m; path = Classes/Models/Config/CFGConfig.m; sourceTree = "<group>"; };
		5CF08BC61C26FBAD00A85493 /* NNJSONObject.h */ = {isa = PBXFileReference; fileEncoding = 4; lastKnownFileType = sourcecode.c.h; path = NNJSONObject.h; sourceTree = "<group>"; };
		5CF08BC71C26FBAD00A85493 /* NNJSONObject.m */ = {isa = PBXFileReference; fileEncoding = 4; lastKnownFileType = sourcecode.c.objc; path = NNJSONObject.m; sourceTree = "<group>"; };
		5CF08BC91C26FBAD00A85493 /* NNReachability.h */ = {isa = PBXFileReference; fileEncoding = 4; lastKnownFileType = sourcecode.c.h; path = NNReachability.h; sourceTree = "<group>"; };
		5CF08BCA1C26FBAD00A85493 /* NNReachability.m */ = {isa = PBXFileReference; fileEncoding = 4; lastKnownFileType = sourcecode.c.objc; path = NNReachability.m; sourceTree = "<group>"; };
		5CF08BCB1C26FBAD00A85493 /* NNReachabilityManager.h */ = {isa = PBXFileReference; fileEncoding = 4; lastKnownFileType = sourcecode.c.h; path = NNReachabilityManager.h; sourceTree = "<group>"; };
		5CF08BCC1C26FBAD00A85493 /* NNReachabilityManager.m */ = {isa = PBXFileReference; fileEncoding = 4; lastKnownFileType = sourcecode.c.objc; path = NNReachabilityManager.m; sourceTree = "<group>"; };
		5CF08BCE1C26FBAD00A85493 /* NNSecurity.h */ = {isa = PBXFileReference; fileEncoding = 4; lastKnownFileType = sourcecode.c.h; path = NNSecurity.h; sourceTree = "<group>"; };
		5CF08BCF1C26FBAD00A85493 /* NNSecurity.m */ = {isa = PBXFileReference; fileEncoding = 4; lastKnownFileType = sourcecode.c.objc; path = NNSecurity.m; sourceTree = "<group>"; };
		5CF08BD21C26FBAD00A85493 /* NNAsyncRequest.h */ = {isa = PBXFileReference; fileEncoding = 4; lastKnownFileType = sourcecode.c.h; path = NNAsyncRequest.h; sourceTree = "<group>"; };
		5CF08BD31C26FBAD00A85493 /* NNAsyncRequest.m */ = {isa = PBXFileReference; fileEncoding = 4; lastKnownFileType = sourcecode.c.objc; path = NNAsyncRequest.m; sourceTree = "<group>"; };
		5CF08BD51C26FBAD00A85493 /* NNURLConstants.h */ = {isa = PBXFileReference; fileEncoding = 4; lastKnownFileType = sourcecode.c.h; path = NNURLConstants.h; sourceTree = "<group>"; };
		5CF08BD61C26FBAD00A85493 /* NNURLConstants.m */ = {isa = PBXFileReference; fileEncoding = 4; lastKnownFileType = sourcecode.c.objc; path = NNURLConstants.m; sourceTree = "<group>"; };
		5CF08BD81C26FBAD00A85493 /* NNURLConnection.h */ = {isa = PBXFileReference; fileEncoding = 4; lastKnownFileType = sourcecode.c.h; path = NNURLConnection.h; sourceTree = "<group>"; };
		5CF08BD91C26FBAD00A85493 /* NNURLConnection.m */ = {isa = PBXFileReference; fileEncoding = 4; lastKnownFileType = sourcecode.c.objc; path = NNURLConnection.m; sourceTree = "<group>"; };
		5CF08BDA1C26FBAD00A85493 /* NNURLConnectionManager.h */ = {isa = PBXFileReference; fileEncoding = 4; lastKnownFileType = sourcecode.c.h; path = NNURLConnectionManager.h; sourceTree = "<group>"; };
		5CF08BDB1C26FBAD00A85493 /* NNURLConnectionManager.m */ = {isa = PBXFileReference; fileEncoding = 4; lastKnownFileType = sourcecode.c.objc; path = NNURLConnectionManager.m; sourceTree = "<group>"; };
		5CF08BDD1C26FBAD00A85493 /* NNURLRequestSerializer.h */ = {isa = PBXFileReference; fileEncoding = 4; lastKnownFileType = sourcecode.c.h; path = NNURLRequestSerializer.h; sourceTree = "<group>"; };
		5CF08BDE1C26FBAD00A85493 /* NNURLRequestSerializer.m */ = {isa = PBXFileReference; fileEncoding = 4; lastKnownFileType = sourcecode.c.objc; path = NNURLRequestSerializer.m; sourceTree = "<group>"; };
		5CF08BE01C26FBAD00A85493 /* NNURLResponseSerializer.h */ = {isa = PBXFileReference; fileEncoding = 4; lastKnownFileType = sourcecode.c.h; path = NNURLResponseSerializer.h; sourceTree = "<group>"; };
		5CF08BE11C26FBAD00A85493 /* NNURLResponseSerializer.m */ = {isa = PBXFileReference; fileEncoding = 4; lastKnownFileType = sourcecode.c.objc; path = NNURLResponseSerializer.m; sourceTree = "<group>"; };
		5CF08BE51C26FBAD00A85493 /* NSArray+NNAdditions.h */ = {isa = PBXFileReference; fileEncoding = 4; lastKnownFileType = sourcecode.c.h; path = "NSArray+NNAdditions.h"; sourceTree = "<group>"; };
		5CF08BE61C26FBAD00A85493 /* NSArray+NNAdditions.m */ = {isa = PBXFileReference; fileEncoding = 4; lastKnownFileType = sourcecode.c.objc; path = "NSArray+NNAdditions.m"; sourceTree = "<group>"; };
		5CF08BE81C26FBAD00A85493 /* NSData+NNAdditions.h */ = {isa = PBXFileReference; fileEncoding = 4; lastKnownFileType = sourcecode.c.h; path = "NSData+NNAdditions.h"; sourceTree = "<group>"; };
		5CF08BE91C26FBAD00A85493 /* NSData+NNAdditions.m */ = {isa = PBXFileReference; fileEncoding = 4; lastKnownFileType = sourcecode.c.objc; path = "NSData+NNAdditions.m"; sourceTree = "<group>"; };
		5CF08BEA1C26FBAD00A85493 /* NSData+NNSecurity.h */ = {isa = PBXFileReference; fileEncoding = 4; lastKnownFileType = sourcecode.c.h; path = "NSData+NNSecurity.h"; sourceTree = "<group>"; };
		5CF08BEB1C26FBAD00A85493 /* NSData+NNSecurity.m */ = {isa = PBXFileReference; fileEncoding = 4; lastKnownFileType = sourcecode.c.objc; path = "NSData+NNSecurity.m"; sourceTree = "<group>"; };
		5CF08BED1C26FBAD00A85493 /* NSDate+NNAdditions.h */ = {isa = PBXFileReference; fileEncoding = 4; lastKnownFileType = sourcecode.c.h; path = "NSDate+NNAdditions.h"; sourceTree = "<group>"; };
		5CF08BEE1C26FBAD00A85493 /* NSDate+NNAdditions.m */ = {isa = PBXFileReference; fileEncoding = 4; lastKnownFileType = sourcecode.c.objc; path = "NSDate+NNAdditions.m"; sourceTree = "<group>"; };
		5CF08BF01C26FBAD00A85493 /* NSDictionary+NNAdditions.h */ = {isa = PBXFileReference; fileEncoding = 4; lastKnownFileType = sourcecode.c.h; path = "NSDictionary+NNAdditions.h"; sourceTree = "<group>"; };
		5CF08BF11C26FBAD00A85493 /* NSDictionary+NNAdditions.m */ = {isa = PBXFileReference; fileEncoding = 4; lastKnownFileType = sourcecode.c.objc; path = "NSDictionary+NNAdditions.m"; sourceTree = "<group>"; };
		5CF08BF31C26FBAD00A85493 /* NSError+NNAdditions.h */ = {isa = PBXFileReference; fileEncoding = 4; lastKnownFileType = sourcecode.c.h; path = "NSError+NNAdditions.h"; sourceTree = "<group>"; };
		5CF08BF41C26FBAD00A85493 /* NSError+NNAdditions.m */ = {isa = PBXFileReference; fileEncoding = 4; lastKnownFileType = sourcecode.c.objc; path = "NSError+NNAdditions.m"; sourceTree = "<group>"; };
		5CF08BF61C26FBAD00A85493 /* NSObject+NNAdditions.h */ = {isa = PBXFileReference; fileEncoding = 4; lastKnownFileType = sourcecode.c.h; path = "NSObject+NNAdditions.h"; sourceTree = "<group>"; };
		5CF08BF71C26FBAD00A85493 /* NSObject+NNAdditions.m */ = {isa = PBXFileReference; fileEncoding = 4; lastKnownFileType = sourcecode.c.objc; path = "NSObject+NNAdditions.m"; sourceTree = "<group>"; };
		5CF08BF91C26FBAD00A85493 /* NSString+NNAdditions.h */ = {isa = PBXFileReference; fileEncoding = 4; lastKnownFileType = sourcecode.c.h; path = "NSString+NNAdditions.h"; sourceTree = "<group>"; };
		5CF08BFA1C26FBAD00A85493 /* NSString+NNAdditions.m */ = {isa = PBXFileReference; fileEncoding = 4; lastKnownFileType = sourcecode.c.objc; path = "NSString+NNAdditions.m"; sourceTree = "<group>"; };
		5CF08BFC1C26FBAD00A85493 /* NSURL+NNAddtions.h */ = {isa = PBXFileReference; fileEncoding = 4; lastKnownFileType = sourcecode.c.h; path = "NSURL+NNAddtions.h"; sourceTree = "<group>"; };
		5CF08BFD1C26FBAD00A85493 /* NSURL+NNAddtions.m */ = {isa = PBXFileReference; fileEncoding = 4; lastKnownFileType = sourcecode.c.objc; path = "NSURL+NNAddtions.m"; sourceTree = "<group>"; };
		5CF08BFF1C26FBAD00A85493 /* NNSelectable.h */ = {isa = PBXFileReference; fileEncoding = 4; lastKnownFileType = sourcecode.c.h; path = NNSelectable.h; sourceTree = "<group>"; };
		5CF08C031C26FBAD00A85493 /* UIDevice+NNAdditions.h */ = {isa = PBXFileReference; fileEncoding = 4; lastKnownFileType = sourcecode.c.h; path = "UIDevice+NNAdditions.h"; sourceTree = "<group>"; };
		5CF08C041C26FBAD00A85493 /* UIDevice+NNAdditions.m */ = {isa = PBXFileReference; fileEncoding = 4; lastKnownFileType = sourcecode.c.objc; path = "UIDevice+NNAdditions.m"; sourceTree = "<group>"; };
		5CF08C0A1C26FBAD00A85493 /* NNJSONUtilities.h */ = {isa = PBXFileReference; fileEncoding = 4; lastKnownFileType = sourcecode.c.h; path = NNJSONUtilities.h; sourceTree = "<group>"; };
		5CF08C0B1C26FBAD00A85493 /* NNJSONUtilities.m */ = {isa = PBXFileReference; fileEncoding = 4; lastKnownFileType = sourcecode.c.objc; path = NNJSONUtilities.m; sourceTree = "<group>"; };
		5CF08C0D1C26FBAD00A85493 /* NNLogger.h */ = {isa = PBXFileReference; fileEncoding = 4; lastKnownFileType = sourcecode.c.h; path = NNLogger.h; sourceTree = "<group>"; };
		5CF08C0E1C26FBAD00A85493 /* NNLogger.m */ = {isa = PBXFileReference; fileEncoding = 4; lastKnownFileType = sourcecode.c.objc; path = NNLogger.m; sourceTree = "<group>"; };
		5CF08C101C26FBAD00A85493 /* NNUtilities.h */ = {isa = PBXFileReference; fileEncoding = 4; lastKnownFileType = sourcecode.c.h; path = NNUtilities.h; sourceTree = "<group>"; };
		5CF08C111C26FBAD00A85493 /* NNUtilities.m */ = {isa = PBXFileReference; fileEncoding = 4; lastKnownFileType = sourcecode.c.objc; path = NNUtilities.m; sourceTree = "<group>"; };
		5CF08C131C26FBAD00A85493 /* NNConstants.h */ = {isa = PBXFileReference; fileEncoding = 4; lastKnownFileType = sourcecode.c.h; path = NNConstants.h; sourceTree = "<group>"; };
		5CF08C141C26FBAD00A85493 /* NNConstants.m */ = {isa = PBXFileReference; fileEncoding = 4; lastKnownFileType = sourcecode.c.objc; path = NNConstants.m; sourceTree = "<group>"; };
		5CF08C151C26FBAD00A85493 /* NNLibrariesEssentials.h */ = {isa = PBXFileReference; fileEncoding = 4; lastKnownFileType = sourcecode.c.h; path = NNLibrariesEssentials.h; sourceTree = "<group>"; };
		5CF08C1C1C26FBAD00A85493 /* NNUICKeyChainStore.h */ = {isa = PBXFileReference; fileEncoding = 4; lastKnownFileType = sourcecode.c.h; path = NNUICKeyChainStore.h; sourceTree = "<group>"; };
		5CF08C1D1C26FBAD00A85493 /* NNUICKeyChainStore.m */ = {isa = PBXFileReference; fileEncoding = 4; lastKnownFileType = sourcecode.c.objc; path = NNUICKeyChainStore.m; sourceTree = "<group>"; };
		FA33823D21DA9B1EEB670A4C /* libPods-ConfigoSDKTests.a */ = {isa = PBXFileReference; explicitFileType = archive.ar; includeInIndex = 0; path = "libPods-ConfigoSDKTests.a"; sourceTree = BUILT_PRODUCTS_DIR; };
/* End PBXFileReference section */

/* Begin PBXFrameworksBuildPhase section */
		5C88E3CC1C4CE50C00527A25 /* Frameworks */ = {
			isa = PBXFrameworksBuildPhase;
			buildActionMask = 2147483647;
			files = (
				5C87AF741C7E271B008D7785 /* Foundation.framework in Frameworks */,
				5C88E3DD1C4CEF3500527A25 /* SystemConfiguration.framework in Frameworks */,
				5C88E3DB1C4CEF3000527A25 /* CoreTelephony.framework in Frameworks */,
				5C88E3D41C4CE50C00527A25 /* ConfigoSDK.framework in Frameworks */,
				34EBD68F8819E37ADEF61ECA /* libPods-ConfigoSDKTests.a in Frameworks */,
			);
			runOnlyForDeploymentPostprocessing = 0;
		};
		5C93DE791B806E150074D62A /* Frameworks */ = {
			isa = PBXFrameworksBuildPhase;
			buildActionMask = 2147483647;
			files = (
			);
			runOnlyForDeploymentPostprocessing = 0;
		};
/* End PBXFrameworksBuildPhase section */

/* Begin PBXGroup section */
		5C05AE501C7E0D1700AD7D93 /* Logger */ = {
			isa = PBXGroup;
			children = (
				5CB451DB1BFE10A100BB0E97 /* CFGLogger.h */,
				5CB451DC1BFE10A100BB0E97 /* CFGLogger.m */,
			);
			name = Logger;
			sourceTree = "<group>";
		};
		5C05AE511C7E0D1F00AD7D93 /* Value Fetcher */ = {
			isa = PBXGroup;
			children = (
				5C05AE561C7E0DC400AD7D93 /* CFGConfigValueFetcher.h */,
				5C05AE571C7E0DC400AD7D93 /* CFGConfigValueFetcher.m */,
			);
			name = "Value Fetcher";
			sourceTree = "<group>";
		};
		5C1186261BFA0F4F0048CBAA /* Private Config Manager */ = {
			isa = PBXGroup;
			children = (
				5C1186271BFA103A0048CBAA /* CFGPrivateConfigService.h */,
				5C1186281BFA103A0048CBAA /* CFGPrivateConfigService.m */,
			);
			name = "Private Config Manager";
			sourceTree = "<group>";
		};
		5C1B63211B8F459E000CCD9D /* Network Controller */ = {
			isa = PBXGroup;
			children = (
				5C1B63221B8F45C8000CCD9D /* CFGNetworkController.h */,
				5C1B63231B8F45C8000CCD9D /* CFGNetworkController.m */,
			);
			name = "Network Controller";
			sourceTree = "<group>";
		};
		5C27020F1C82EBDA00D7508E /* Config Controller */ = {
			isa = PBXGroup;
			children = (
				5C2702101C82EBDA00D7508E /* CFGConfigController.h */,
				5C2702111C82EBDA00D7508E /* CFGConfigController.m */,
			);
			name = "Config Controller";
			path = "Classes/Controllers/Config Controller";
			sourceTree = "<group>";
		};
		5C33AB051B8CA64E00D85791 /* CFGConfigoData */ = {
			isa = PBXGroup;
			children = (
				5C33AB071B8CA84500D85791 /* CFGConfigoData.h */,
				5C33AB081B8CA84500D85791 /* CFGConfigoData.m */,
			);
			name = CFGConfigoData;
			sourceTree = "<group>";
		};
		5C33AB111B8CB30000D85791 /* File Manager */ = {
			isa = PBXGroup;
			children = (
				5C33AB0C1B8CAD6400D85791 /* CFGFileController.h */,
				5C33AB0D1B8CAD6400D85791 /* CFGFileController.m */,
			);
			name = "File Manager";
			path = "Classes/Controllers/File Manager";
			sourceTree = "<group>";
		};
		5C33AB131B8CB59100D85791 /* Constants */ = {
			isa = PBXGroup;
			children = (
				5CACEF7F1C2FE665005E6111 /* CFGConstants.h */,
				5CACEF801C2FE665005E6111 /* CFGConstants.m */,
				5C33AB121B8CB58E00D85791 /* CFGErrorConstants.h */,
				5CB451DF1BFE125900BB0E97 /* CFGLogLevel.h */,
			);
			name = Constants;
			sourceTree = "<group>";
		};
		5C37E9E31B821A36001B80D6 /* Models */ = {
			isa = PBXGroup;
			children = (
				5C33AB051B8CA64E00D85791 /* CFGConfigoData */,
				5C54701B1B84B52800C026D8 /* CFGInternalError */,
				5CACCDC11B8210B6009E343C /* CFGResponseHeader */,
				5C37E9E51B821A3C001B80D6 /* CFGResponse */,
				5CEE865F1C4D4DDE00D310C2 /* CFGConfig */,
			);
			name = Models;
			sourceTree = "<group>";
		};
		5C37E9E51B821A3C001B80D6 /* CFGResponse */ = {
			isa = PBXGroup;
			children = (
				5C37E9E71B821AAD001B80D6 /* CFGResponse.h */,
				5C37E9E81B821AAD001B80D6 /* CFGResponse.m */,
			);
			name = CFGResponse;
			sourceTree = "<group>";
		};
		5C4222791C510F0E00434178 /* Factory */ = {
			isa = PBXGroup;
			children = (
				5C42227A1C510F2600434178 /* CFGResponse */,
			);
			name = Factory;
			sourceTree = "<group>";
		};
		5C42227A1C510F2600434178 /* CFGResponse */ = {
			isa = PBXGroup;
			children = (
				5C42227B1C510F5200434178 /* CFGResponseFactory.h */,
				5C42227C1C510F5200434178 /* CFGResponseFactory.m */,
			);
			name = CFGResponse;
			sourceTree = "<group>";
		};
		5C54701B1B84B52800C026D8 /* CFGInternalError */ = {
			isa = PBXGroup;
			children = (
				5C54701D1B84B55700C026D8 /* CFGInternalError.h */,
				5C54701E1B84B55700C026D8 /* CFGInternalError.m */,
			);
			name = CFGInternalError;
			sourceTree = "<group>";
		};
		5C88E3D01C4CE50C00527A25 /* ConfigoSDKTests */ = {
			isa = PBXGroup;
			children = (
				5CDD0E9F1C84669F0040784C /* Response Files */,
				5C88E3D11C4CE50C00527A25 /* ConfigoSDKTests.m */,
				5C05AE5A1C7E0F8600AD7D93 /* CFGConfigValueFetcherTests.m */,
				5C88E3E31C4CF49500527A25 /* CFGConfigControllerTests.m */,
				5C4222771C50E40C00434178 /* CFGFileControllerTests.m */,
				5C4222791C510F0E00434178 /* Factory */,
				5C88E3D31C4CE50C00527A25 /* Info.plist */,
			);
			path = ConfigoSDKTests;
			sourceTree = "<group>";
		};
		5C8F53251C185FE40057CCFC /* Frameworks */ = {
			isa = PBXGroup;
			children = (
				5C05AE5C1C7E140500AD7D93 /* Foundation.framework */,
				5C88E3DC1C4CEF3500527A25 /* SystemConfiguration.framework */,
				5C88E3DA1C4CEF3000527A25 /* CoreTelephony.framework */,
				FA33823D21DA9B1EEB670A4C /* libPods-ConfigoSDKTests.a */,
			);
			name = Frameworks;
			sourceTree = "<group>";
		};
		5C93DE731B806E150074D62A = {
			isa = PBXGroup;
			children = (
				5CE91FE71C7F54B800DF9A8D /* CHANGELOG.md */,
				5C7BAB2B1C3C2A3B00889570 /* ConfigoSDK.podspec */,
				5C93DE7F1B806E150074D62A /* ConfigoSDK */,
				5C88E3D01C4CE50C00527A25 /* ConfigoSDKTests */,
				5C8F53251C185FE40057CCFC /* Frameworks */,
				5C93DE7E1B806E150074D62A /* Products */,
				91126BA8AD5742A739CB2761 /* Pods */,
			);
			sourceTree = "<group>";
		};
		5C93DE7E1B806E150074D62A /* Products */ = {
			isa = PBXGroup;
			children = (
				5C93DE7D1B806E150074D62A /* ConfigoSDK.framework */,
				5C88E3CF1C4CE50C00527A25 /* ConfigoSDKTests.xctest */,
			);
			name = Products;
			sourceTree = "<group>";
		};
		5C93DE7F1B806E150074D62A /* ConfigoSDK */ = {
			isa = PBXGroup;
			children = (
				5C93DE821B806E150074D62A /* ConfigoSDK.h */,
				5C33AB131B8CB59100D85791 /* Constants */,
				5C93DEE61B8074530074D62A /* Classes */,
				5C93DE801B806E150074D62A /* Supporting Files */,
			);
			path = ConfigoSDK;
			sourceTree = "<group>";
		};
		5C93DE801B806E150074D62A /* Supporting Files */ = {
			isa = PBXGroup;
			children = (
				5C93DE811B806E150074D62A /* Info.plist */,
			);
			name = "Supporting Files";
			sourceTree = "<group>";
		};
		5C93DEE61B8074530074D62A /* Classes */ = {
			isa = PBXGroup;
			children = (
				5CEA82E31B8DA0A8008F6D3B /* Configo */,
				5CEA82ED1B8DF95A008F6D3B /* Controllers */,
				5C37E9E31B821A36001B80D6 /* Models */,
				5CB451DA1BFE108900BB0E97 /* Toolbox */,
				5CF08BC11C26FBAD00A85493 /* NNLibraries */,
			);
			name = Classes;
			sourceTree = "<group>";
		};
		5CACCDC11B8210B6009E343C /* CFGResponseHeader */ = {
			isa = PBXGroup;
			children = (
				5CACCDC21B821120009E343C /* CFGResponseHeader.h */,
				5CACCDC31B821120009E343C /* CFGResponseHeader.m */,
			);
			name = CFGResponseHeader;
			sourceTree = "<group>";
		};
		5CB451DA1BFE108900BB0E97 /* Toolbox */ = {
			isa = PBXGroup;
			children = (
				5C05AE511C7E0D1F00AD7D93 /* Value Fetcher */,
				5C05AE501C7E0D1700AD7D93 /* Logger */,
			);
			name = Toolbox;
			sourceTree = "<group>";
		};
		5CDD0E9F1C84669F0040784C /* Response Files */ = {
			isa = PBXGroup;
			children = (
				5CDD0EA21C846A640040784C /* v1-status-false-success.json */,
				5CDD0EA31C846A640040784C /* v2-getConfig-success.json */,
			);
			name = "Response Files";
			sourceTree = "<group>";
		};
		5CEA82E31B8DA0A8008F6D3B /* Configo */ = {
			isa = PBXGroup;
			children = (
				5C93DEE21B80744D0074D62A /* Configo.h */,
				5C93DEE31B80744D0074D62A /* Configo.m */,
			);
			name = Configo;
			sourceTree = "<group>";
		};
		5CEA82ED1B8DF95A008F6D3B /* Controllers */ = {
			isa = PBXGroup;
			children = (
				5C27020F1C82EBDA00D7508E /* Config Controller */,
				5C1186261BFA0F4F0048CBAA /* Private Config Manager */,
				5C33AB111B8CB30000D85791 /* File Manager */,
				5C1B63211B8F459E000CCD9D /* Network Controller */,
				5CEA82F41B8DFC5A008F6D3B /* Data Controller */,
			);
			name = Controllers;
			sourceTree = "<group>";
		};
		5CEA82F41B8DFC5A008F6D3B /* Data Controller */ = {
			isa = PBXGroup;
			children = (
				5CEA82EF1B8DF976008F6D3B /* CFGConfigoDataController.h */,
				5CEA82F01B8DF976008F6D3B /* CFGConfigoDataController.m */,
			);
			name = "Data Controller";
			path = "Classes/Controllers/ConfigoData Controller";
			sourceTree = "<group>";
		};
		5CEE865F1C4D4DDE00D310C2 /* CFGConfig */ = {
			isa = PBXGroup;
			children = (
				5C27020B1C8272D900D7508E /* CFGFeature.h */,
				5C27020C1C8272D900D7508E /* CFGFeature.m */,
				5CEE86601C4D4DF400D310C2 /* CFGConfig.h */,
				5CEE86611C4D4DF400D310C2 /* CFGConfig.m */,
			);
			name = CFGConfig;
			sourceTree = "<group>";
		};
		5CF08BC11C26FBAD00A85493 /* NNLibraries */ = {
			isa = PBXGroup;
			children = (
				5CF08BC31C26FBAD00A85493 /* Classes */,
				5CF08C121C26FBAD00A85493 /* NNLibraries */,
				5CF08C1A1C26FBAD00A85493 /* ThirdParty */,
			);
			name = NNLibraries;
			path = Classes/NNLibraries;
			sourceTree = "<group>";
		};
		5CF08BC31C26FBAD00A85493 /* Classes */ = {
			isa = PBXGroup;
			children = (
				5CF08BC41C26FBAD00A85493 /* Frameworks */,
				5CF08BD01C26FBAD00A85493 /* Networking */,
				5CF08BE21C26FBAD00A85493 /* NSFoundation */,
				5CF08BFE1C26FBAD00A85493 /* Protocols */,
				5CF08C001C26FBAD00A85493 /* UIKit */,
				5CF08C051C26FBAD00A85493 /* Utilities */,
			);
			path = Classes;
			sourceTree = "<group>";
		};
		5CF08BC41C26FBAD00A85493 /* Frameworks */ = {
			isa = PBXGroup;
			children = (
				5CF08BC51C26FBAD00A85493 /* NNJSONObject */,
				5CF08BC81C26FBAD00A85493 /* NNReachability */,
				5CF08BCD1C26FBAD00A85493 /* NNSecurity */,
			);
			path = Frameworks;
			sourceTree = "<group>";
		};
		5CF08BC51C26FBAD00A85493 /* NNJSONObject */ = {
			isa = PBXGroup;
			children = (
				5CF08BC61C26FBAD00A85493 /* NNJSONObject.h */,
				5CF08BC71C26FBAD00A85493 /* NNJSONObject.m */,
			);
			path = NNJSONObject;
			sourceTree = "<group>";
		};
		5CF08BC81C26FBAD00A85493 /* NNReachability */ = {
			isa = PBXGroup;
			children = (
				5CF08BC91C26FBAD00A85493 /* NNReachability.h */,
				5CF08BCA1C26FBAD00A85493 /* NNReachability.m */,
				5CF08BCB1C26FBAD00A85493 /* NNReachabilityManager.h */,
				5CF08BCC1C26FBAD00A85493 /* NNReachabilityManager.m */,
			);
			path = NNReachability;
			sourceTree = "<group>";
		};
		5CF08BCD1C26FBAD00A85493 /* NNSecurity */ = {
			isa = PBXGroup;
			children = (
				5CF08BCE1C26FBAD00A85493 /* NNSecurity.h */,
				5CF08BCF1C26FBAD00A85493 /* NNSecurity.m */,
			);
			path = NNSecurity;
			sourceTree = "<group>";
		};
		5CF08BD01C26FBAD00A85493 /* Networking */ = {
			isa = PBXGroup;
			children = (
				5CF08BD41C26FBAD00A85493 /* NNRequestConstants */,
				5CF08BD11C26FBAD00A85493 /* NNAsyncRequest */,
				5CF08BD71C26FBAD00A85493 /* NNURLConnection */,
				5CF08BDC1C26FBAD00A85493 /* NNURLRequestSerializer */,
				5CF08BDF1C26FBAD00A85493 /* NNURLResponseSerializer */,
			);
			path = Networking;
			sourceTree = "<group>";
		};
		5CF08BD11C26FBAD00A85493 /* NNAsyncRequest */ = {
			isa = PBXGroup;
			children = (
				5CF08BD21C26FBAD00A85493 /* NNAsyncRequest.h */,
				5CF08BD31C26FBAD00A85493 /* NNAsyncRequest.m */,
			);
			path = NNAsyncRequest;
			sourceTree = "<group>";
		};
		5CF08BD41C26FBAD00A85493 /* NNRequestConstants */ = {
			isa = PBXGroup;
			children = (
				5CF08BD51C26FBAD00A85493 /* NNURLConstants.h */,
				5CF08BD61C26FBAD00A85493 /* NNURLConstants.m */,
			);
			path = NNRequestConstants;
			sourceTree = "<group>";
		};
		5CF08BD71C26FBAD00A85493 /* NNURLConnection */ = {
			isa = PBXGroup;
			children = (
				5CF08BD81C26FBAD00A85493 /* NNURLConnection.h */,
				5CF08BD91C26FBAD00A85493 /* NNURLConnection.m */,
				5CF08BDA1C26FBAD00A85493 /* NNURLConnectionManager.h */,
				5CF08BDB1C26FBAD00A85493 /* NNURLConnectionManager.m */,
			);
			path = NNURLConnection;
			sourceTree = "<group>";
		};
		5CF08BDC1C26FBAD00A85493 /* NNURLRequestSerializer */ = {
			isa = PBXGroup;
			children = (
				5CF08BDD1C26FBAD00A85493 /* NNURLRequestSerializer.h */,
				5CF08BDE1C26FBAD00A85493 /* NNURLRequestSerializer.m */,
			);
			path = NNURLRequestSerializer;
			sourceTree = "<group>";
		};
		5CF08BDF1C26FBAD00A85493 /* NNURLResponseSerializer */ = {
			isa = PBXGroup;
			children = (
				5CF08BE01C26FBAD00A85493 /* NNURLResponseSerializer.h */,
				5CF08BE11C26FBAD00A85493 /* NNURLResponseSerializer.m */,
			);
			path = NNURLResponseSerializer;
			sourceTree = "<group>";
		};
		5CF08BE21C26FBAD00A85493 /* NSFoundation */ = {
			isa = PBXGroup;
			children = (
				5CF08BE31C26FBAD00A85493 /* Categories */,
			);
			path = NSFoundation;
			sourceTree = "<group>";
		};
		5CF08BE31C26FBAD00A85493 /* Categories */ = {
			isa = PBXGroup;
			children = (
				5CF08BE41C26FBAD00A85493 /* NSArray */,
				5CF08BE71C26FBAD00A85493 /* NSData */,
				5CF08BEC1C26FBAD00A85493 /* NSDate */,
				5CF08BEF1C26FBAD00A85493 /* NSDictionary */,
				5CF08BF21C26FBAD00A85493 /* NSError */,
				5CF08BF51C26FBAD00A85493 /* NSObject */,
				5CF08BF81C26FBAD00A85493 /* NSString */,
				5CF08BFB1C26FBAD00A85493 /* NSURL */,
			);
			path = Categories;
			sourceTree = "<group>";
		};
		5CF08BE41C26FBAD00A85493 /* NSArray */ = {
			isa = PBXGroup;
			children = (
				5CF08BE51C26FBAD00A85493 /* NSArray+NNAdditions.h */,
				5CF08BE61C26FBAD00A85493 /* NSArray+NNAdditions.m */,
			);
			path = NSArray;
			sourceTree = "<group>";
		};
		5CF08BE71C26FBAD00A85493 /* NSData */ = {
			isa = PBXGroup;
			children = (
				5CF08BE81C26FBAD00A85493 /* NSData+NNAdditions.h */,
				5CF08BE91C26FBAD00A85493 /* NSData+NNAdditions.m */,
				5CF08BEA1C26FBAD00A85493 /* NSData+NNSecurity.h */,
				5CF08BEB1C26FBAD00A85493 /* NSData+NNSecurity.m */,
			);
			path = NSData;
			sourceTree = "<group>";
		};
		5CF08BEC1C26FBAD00A85493 /* NSDate */ = {
			isa = PBXGroup;
			children = (
				5CF08BED1C26FBAD00A85493 /* NSDate+NNAdditions.h */,
				5CF08BEE1C26FBAD00A85493 /* NSDate+NNAdditions.m */,
			);
			path = NSDate;
			sourceTree = "<group>";
		};
		5CF08BEF1C26FBAD00A85493 /* NSDictionary */ = {
			isa = PBXGroup;
			children = (
				5CF08BF01C26FBAD00A85493 /* NSDictionary+NNAdditions.h */,
				5CF08BF11C26FBAD00A85493 /* NSDictionary+NNAdditions.m */,
			);
			path = NSDictionary;
			sourceTree = "<group>";
		};
		5CF08BF21C26FBAD00A85493 /* NSError */ = {
			isa = PBXGroup;
			children = (
				5CF08BF31C26FBAD00A85493 /* NSError+NNAdditions.h */,
				5CF08BF41C26FBAD00A85493 /* NSError+NNAdditions.m */,
			);
			path = NSError;
			sourceTree = "<group>";
		};
		5CF08BF51C26FBAD00A85493 /* NSObject */ = {
			isa = PBXGroup;
			children = (
				5CF08BF61C26FBAD00A85493 /* NSObject+NNAdditions.h */,
				5CF08BF71C26FBAD00A85493 /* NSObject+NNAdditions.m */,
			);
			path = NSObject;
			sourceTree = "<group>";
		};
		5CF08BF81C26FBAD00A85493 /* NSString */ = {
			isa = PBXGroup;
			children = (
				5CF08BF91C26FBAD00A85493 /* NSString+NNAdditions.h */,
				5CF08BFA1C26FBAD00A85493 /* NSString+NNAdditions.m */,
			);
			path = NSString;
			sourceTree = "<group>";
		};
		5CF08BFB1C26FBAD00A85493 /* NSURL */ = {
			isa = PBXGroup;
			children = (
				5CF08BFC1C26FBAD00A85493 /* NSURL+NNAddtions.h */,
				5CF08BFD1C26FBAD00A85493 /* NSURL+NNAddtions.m */,
			);
			path = NSURL;
			sourceTree = "<group>";
		};
		5CF08BFE1C26FBAD00A85493 /* Protocols */ = {
			isa = PBXGroup;
			children = (
				5CF08BFF1C26FBAD00A85493 /* NNSelectable.h */,
			);
			path = Protocols;
			sourceTree = "<group>";
		};
		5CF08C001C26FBAD00A85493 /* UIKit */ = {
			isa = PBXGroup;
			children = (
				5CF08C011C26FBAD00A85493 /* Categories */,
			);
			path = UIKit;
			sourceTree = "<group>";
		};
		5CF08C011C26FBAD00A85493 /* Categories */ = {
			isa = PBXGroup;
			children = (
				5CF08C021C26FBAD00A85493 /* UIDevice */,
			);
			path = Categories;
			sourceTree = "<group>";
		};
		5CF08C021C26FBAD00A85493 /* UIDevice */ = {
			isa = PBXGroup;
			children = (
				5CF08C031C26FBAD00A85493 /* UIDevice+NNAdditions.h */,
				5CF08C041C26FBAD00A85493 /* UIDevice+NNAdditions.m */,
			);
			path = UIDevice;
			sourceTree = "<group>";
		};
		5CF08C051C26FBAD00A85493 /* Utilities */ = {
			isa = PBXGroup;
			children = (
				5CF08C091C26FBAD00A85493 /* NNJSONUtilities */,
				5CF08C0C1C26FBAD00A85493 /* NNLogger */,
				5CF08C0F1C26FBAD00A85493 /* NNUtilities */,
			);
			path = Utilities;
			sourceTree = "<group>";
		};
		5CF08C091C26FBAD00A85493 /* NNJSONUtilities */ = {
			isa = PBXGroup;
			children = (
				5CF08C0A1C26FBAD00A85493 /* NNJSONUtilities.h */,
				5CF08C0B1C26FBAD00A85493 /* NNJSONUtilities.m */,
			);
			path = NNJSONUtilities;
			sourceTree = "<group>";
		};
		5CF08C0C1C26FBAD00A85493 /* NNLogger */ = {
			isa = PBXGroup;
			children = (
				5CF08C0D1C26FBAD00A85493 /* NNLogger.h */,
				5CF08C0E1C26FBAD00A85493 /* NNLogger.m */,
			);
			path = NNLogger;
			sourceTree = "<group>";
		};
		5CF08C0F1C26FBAD00A85493 /* NNUtilities */ = {
			isa = PBXGroup;
			children = (
				5CF08C101C26FBAD00A85493 /* NNUtilities.h */,
				5CF08C111C26FBAD00A85493 /* NNUtilities.m */,
			);
			path = NNUtilities;
			sourceTree = "<group>";
		};
		5CF08C121C26FBAD00A85493 /* NNLibraries */ = {
			isa = PBXGroup;
			children = (
				5CF08C131C26FBAD00A85493 /* NNConstants.h */,
				5CF08C141C26FBAD00A85493 /* NNConstants.m */,
				5CF08C151C26FBAD00A85493 /* NNLibrariesEssentials.h */,
			);
			path = NNLibraries;
			sourceTree = "<group>";
		};
		5CF08C1A1C26FBAD00A85493 /* ThirdParty */ = {
			isa = PBXGroup;
			children = (
				5CF08C1B1C26FBAD00A85493 /* NNUICKeyChainStore */,
			);
			path = ThirdParty;
			sourceTree = "<group>";
		};
		5CF08C1B1C26FBAD00A85493 /* NNUICKeyChainStore */ = {
			isa = PBXGroup;
			children = (
				5CF08C1C1C26FBAD00A85493 /* NNUICKeyChainStore.h */,
				5CF08C1D1C26FBAD00A85493 /* NNUICKeyChainStore.m */,
			);
			path = NNUICKeyChainStore;
			sourceTree = "<group>";
		};
		91126BA8AD5742A739CB2761 /* Pods */ = {
			isa = PBXGroup;
			children = (
				1C11C850F2514EFE6EB29343 /* Pods-ConfigoSDKTests.debug.xcconfig */,
				1F394503302E03E981E51AF3 /* Pods-ConfigoSDKTests.release.xcconfig */,
			);
			name = Pods;
			sourceTree = "<group>";
		};
/* End PBXGroup section */

/* Begin PBXHeadersBuildPhase section */
		5C93DE7A1B806E150074D62A /* Headers */ = {
			isa = PBXHeadersBuildPhase;
			buildActionMask = 2147483647;
			files = (
				5CF08C451C26FBAD00A85493 /* NNSelectable.h in Headers */,
				5CACEF811C2FE665005E6111 /* CFGConstants.h in Headers */,
				5CF08C391C26FBAD00A85493 /* NSDate+NNAdditions.h in Headers */,
				5CF08C311C26FBAD00A85493 /* NNURLResponseSerializer.h in Headers */,
				5C33AB091B8CA84500D85791 /* CFGConfigoData.h in Headers */,
				5C05AE581C7E0DC400AD7D93 /* CFGConfigValueFetcher.h in Headers */,
				5CF08C3D1C26FBAD00A85493 /* NSError+NNAdditions.h in Headers */,
				5C33AB0E1B8CAD6400D85791 /* CFGFileController.h in Headers */,
				5CF08C2F1C26FBAD00A85493 /* NNURLRequestSerializer.h in Headers */,
				5CF08C521C26FBAD00A85493 /* NNLibrariesEssentials.h in Headers */,
				5CACCDC41B821120009E343C /* CFGResponseHeader.h in Headers */,
				5CF08C251C26FBAD00A85493 /* NNSecurity.h in Headers */,
				5CF08C501C26FBAD00A85493 /* NNConstants.h in Headers */,
				5C2702121C82EBDA00D7508E /* CFGConfigController.h in Headers */,
				5CF08C371C26FBAD00A85493 /* NSData+NNSecurity.h in Headers */,
				5C93DEE41B80744D0074D62A /* Configo.h in Headers */,
				5CF08C4C1C26FBAD00A85493 /* NNLogger.h in Headers */,
				5CF08C231C26FBAD00A85493 /* NNReachabilityManager.h in Headers */,
				5CB451DD1BFE10A100BB0E97 /* CFGLogger.h in Headers */,
				5CF08C561C26FBAD00A85493 /* NNUICKeyChainStore.h in Headers */,
				5CB451E01BFE127200BB0E97 /* CFGLogLevel.h in Headers */,
				5CEA82F11B8DF976008F6D3B /* CFGConfigoDataController.h in Headers */,
				5CF08C4A1C26FBAD00A85493 /* NNJSONUtilities.h in Headers */,
				5CF08C211C26FBAD00A85493 /* NNReachability.h in Headers */,
				5CF08C411C26FBAD00A85493 /* NSString+NNAdditions.h in Headers */,
				5C1B63241B8F45C8000CCD9D /* CFGNetworkController.h in Headers */,
				5CF08C1F1C26FBAD00A85493 /* NNJSONObject.h in Headers */,
				5C93DE831B806E150074D62A /* ConfigoSDK.h in Headers */,
				5CEE86621C4D4DF400D310C2 /* CFGConfig.h in Headers */,
				5CF08C351C26FBAD00A85493 /* NSData+NNAdditions.h in Headers */,
				5CF08C291C26FBAD00A85493 /* NNURLConstants.h in Headers */,
				5CF08C331C26FBAD00A85493 /* NSArray+NNAdditions.h in Headers */,
				5C37E9E91B821AAD001B80D6 /* CFGResponse.h in Headers */,
				5CF08C271C26FBAD00A85493 /* NNAsyncRequest.h in Headers */,
				5CF08C4E1C26FBAD00A85493 /* NNUtilities.h in Headers */,
				5CF08C461C26FBAD00A85493 /* UIDevice+NNAdditions.h in Headers */,
				5CF08C431C26FBAD00A85493 /* NSURL+NNAddtions.h in Headers */,
				5CF08C2D1C26FBAD00A85493 /* NNURLConnectionManager.h in Headers */,
				5C27020D1C8272D900D7508E /* CFGFeature.h in Headers */,
				5C54701F1B84B55700C026D8 /* CFGInternalError.h in Headers */,
				5CF08C3B1C26FBAD00A85493 /* NSDictionary+NNAdditions.h in Headers */,
				5CF08C2B1C26FBAD00A85493 /* NNURLConnection.h in Headers */,
				5CF08C3F1C26FBAD00A85493 /* NSObject+NNAdditions.h in Headers */,
				5C1186291BFA103A0048CBAA /* CFGPrivateConfigService.h in Headers */,
			);
			runOnlyForDeploymentPostprocessing = 0;
		};
/* End PBXHeadersBuildPhase section */

/* Begin PBXNativeTarget section */
		5C88E3CE1C4CE50C00527A25 /* ConfigoSDKTests */ = {
			isa = PBXNativeTarget;
			buildConfigurationList = 5C88E3D71C4CE50C00527A25 /* Build configuration list for PBXNativeTarget "ConfigoSDKTests" */;
			buildPhases = (
				055B409190D4FB8B5C1DBF14 /* Check Pods Manifest.lock */,
				5C88E3CB1C4CE50C00527A25 /* Sources */,
				5C88E3CC1C4CE50C00527A25 /* Frameworks */,
				5C88E3CD1C4CE50C00527A25 /* Resources */,
				5242C5E2957AFDEE16B56040 /* Embed Pods Frameworks */,
				135E5D2B2454E70FC1AA489A /* Copy Pods Resources */,
			);
			buildRules = (
			);
			dependencies = (
				5C88E3D61C4CE50C00527A25 /* PBXTargetDependency */,
			);
			name = ConfigoSDKTests;
			productName = ConfigoSDKTests;
			productReference = 5C88E3CF1C4CE50C00527A25 /* ConfigoSDKTests.xctest */;
			productType = "com.apple.product-type.bundle.unit-test";
		};
		5C93DE7C1B806E150074D62A /* ConfigoSDK */ = {
			isa = PBXNativeTarget;
			buildConfigurationList = 5C93DE931B806E150074D62A /* Build configuration list for PBXNativeTarget "ConfigoSDK" */;
			buildPhases = (
				5C93DE781B806E150074D62A /* Sources */,
				5C93DE791B806E150074D62A /* Frameworks */,
				5C93DE7A1B806E150074D62A /* Headers */,
				5C93DE7B1B806E150074D62A /* Resources */,
				5C5470071B8499FF00C026D8 /* ShellScript */,
			);
			buildRules = (
			);
			dependencies = (
			);
			name = ConfigoSDK;
			productName = ConfigoSDK;
			productReference = 5C93DE7D1B806E150074D62A /* ConfigoSDK.framework */;
			productType = "com.apple.product-type.framework";
		};
/* End PBXNativeTarget section */

/* Begin PBXProject section */
		5C93DE741B806E150074D62A /* Project object */ = {
			isa = PBXProject;
			attributes = {
				CLASSPREFIX = CFG;
				LastUpgradeCheck = 0710;
				ORGANIZATIONNAME = Configo;
				TargetAttributes = {
					5C88E3CE1C4CE50C00527A25 = {
						CreatedOnToolsVersion = 7.1.1;
					};
					5C8CBE0C1BDE26A4006465D2 = {
						CreatedOnToolsVersion = 7.0;
					};
					5C93DE7C1B806E150074D62A = {
						CreatedOnToolsVersion = 6.4;
						DevelopmentTeam = QR3EF439CY;
					};
				};
			};
			buildConfigurationList = 5C93DE771B806E150074D62A /* Build configuration list for PBXProject "ConfigoSDK" */;
			compatibilityVersion = "Xcode 3.2";
			developmentRegion = English;
			hasScannedForEncodings = 0;
			knownRegions = (
				en,
			);
			mainGroup = 5C93DE731B806E150074D62A;
			productRefGroup = 5C93DE7E1B806E150074D62A /* Products */;
			projectDirPath = "";
			projectRoot = "";
			targets = (
				5C93DE7C1B806E150074D62A /* ConfigoSDK */,
				5C88E3CE1C4CE50C00527A25 /* ConfigoSDKTests */,
				5C8CBE0C1BDE26A4006465D2 /* Configo-Universal */,
			);
		};
/* End PBXProject section */

/* Begin PBXResourcesBuildPhase section */
		5C88E3CD1C4CE50C00527A25 /* Resources */ = {
			isa = PBXResourcesBuildPhase;
			buildActionMask = 2147483647;
			files = (
				5CDD0EA51C846A640040784C /* v2-getConfig-success.json in Resources */,
				5CDD0EA41C846A640040784C /* v1-status-false-success.json in Resources */,
			);
			runOnlyForDeploymentPostprocessing = 0;
		};
		5C93DE7B1B806E150074D62A /* Resources */ = {
			isa = PBXResourcesBuildPhase;
			buildActionMask = 2147483647;
			files = (
			);
			runOnlyForDeploymentPostprocessing = 0;
		};
/* End PBXResourcesBuildPhase section */

/* Begin PBXShellScriptBuildPhase section */
		055B409190D4FB8B5C1DBF14 /* Check Pods Manifest.lock */ = {
			isa = PBXShellScriptBuildPhase;
			buildActionMask = 2147483647;
			files = (
			);
			inputPaths = (
			);
			name = "Check Pods Manifest.lock";
			outputPaths = (
			);
			runOnlyForDeploymentPostprocessing = 0;
			shellPath = /bin/sh;
			shellScript = "diff \"${PODS_ROOT}/../Podfile.lock\" \"${PODS_ROOT}/Manifest.lock\" > /dev/null\nif [[ $? != 0 ]] ; then\n    cat << EOM\nerror: The sandbox is not in sync with the Podfile.lock. Run 'pod install' or update your CocoaPods installation.\nEOM\n    exit 1\nfi\n";
			showEnvVarsInLog = 0;
		};
		135E5D2B2454E70FC1AA489A /* Copy Pods Resources */ = {
			isa = PBXShellScriptBuildPhase;
			buildActionMask = 2147483647;
			files = (
			);
			inputPaths = (
			);
			name = "Copy Pods Resources";
			outputPaths = (
			);
			runOnlyForDeploymentPostprocessing = 0;
			shellPath = /bin/sh;
			shellScript = "\"${SRCROOT}/Pods/Target Support Files/Pods-ConfigoSDKTests/Pods-ConfigoSDKTests-resources.sh\"\n";
			showEnvVarsInLog = 0;
		};
		5242C5E2957AFDEE16B56040 /* Embed Pods Frameworks */ = {
			isa = PBXShellScriptBuildPhase;
			buildActionMask = 2147483647;
			files = (
			);
			inputPaths = (
			);
			name = "Embed Pods Frameworks";
			outputPaths = (
			);
			runOnlyForDeploymentPostprocessing = 0;
			shellPath = /bin/sh;
			shellScript = "\"${SRCROOT}/Pods/Target Support Files/Pods-ConfigoSDKTests/Pods-ConfigoSDKTests-frameworks.sh\"\n";
			showEnvVarsInLog = 0;
		};
		5C5470071B8499FF00C026D8 /* ShellScript */ = {
			isa = PBXShellScriptBuildPhase;
			buildActionMask = 2147483647;
			files = (
			);
			inputPaths = (
			);
			outputPaths = (
			);
			runOnlyForDeploymentPostprocessing = 0;
			shellPath = /bin/sh;
			shellScript = "/bin/sh ${PROJECT_DIR}/bump_build.sh \"${PROJECT_DIR}/${INFOPLIST_FILE}\"";
		};
		5C8CBE111BDE26AD006465D2 /* Universal Framework Generator */ = {
			isa = PBXShellScriptBuildPhase;
			buildActionMask = 2147483647;
			files = (
			);
			inputPaths = (
			);
			name = "Universal Framework Generator";
			outputPaths = (
			);
			runOnlyForDeploymentPostprocessing = 0;
			shellPath = /bin/sh;
			shellScript = "######################\n# Options\n######################\n\ncd \"$PROJECT_DIR\"/../\n\nREVEAL_ARCHIVE_IN_FINDER=true\n\nFRAMEWORK_NAME=\"${PROJECT_NAME}\"\n\nSIMULATOR_LIBRARY_PATH=\"${BUILD_DIR}/${CONFIGURATION}-iphonesimulator/${FRAMEWORK_NAME}.framework\"\n\nDEVICE_LIBRARY_PATH=\"${BUILD_DIR}/${CONFIGURATION}-iphoneos/${FRAMEWORK_NAME}.framework\"\n\nUNIVERSAL_LIBRARY_DIR=\"${PROJECT_DIR}/build-iphoneuniversal\"\n\nFRAMEWORK=\"${UNIVERSAL_LIBRARY_DIR}/${FRAMEWORK_NAME}.framework\"\n\n\n######################\n# Build Frameworks\n######################\n\nxcodebuild -workspace ${PROJECT_NAME}.xcworkspace -scheme ${PROJECT_NAME} -sdk iphonesimulator -configuration ${CONFIGURATION} clean build CONFIGURATION_BUILD_DIR=${BUILD_DIR}/${CONFIGURATION}-iphonesimulator 2>&1\n\nxcodebuild -workspace ${PROJECT_NAME}.xcworkspace -scheme ${PROJECT_NAME} -sdk iphoneos -configuration ${CONFIGURATION} clean build CONFIGURATION_BUILD_DIR=${BUILD_DIR}/${CONFIGURATION}-iphoneos 2>&1\n\n######################\n# Create directory for universal\n######################\n\nrm -rf \"${UNIVERSAL_LIBRARY_DIR}\"\n\nmkdir \"${UNIVERSAL_LIBRARY_DIR}\"\n\nmkdir \"${FRAMEWORK}\"\n\n\n######################\n# Copy files Framework\n######################\n\ncp -r \"${DEVICE_LIBRARY_PATH}/.\" \"${FRAMEWORK}\"\n\n\n######################\n# Make an universal binary\n######################\n\nlipo \"${SIMULATOR_LIBRARY_PATH}/${FRAMEWORK_NAME}\" \"${DEVICE_LIBRARY_PATH}/${FRAMEWORK_NAME}\" -create -output \"${FRAMEWORK}/${FRAMEWORK_NAME}\" | echo\n\n# For Swift framework, Swiftmodule needs to be copied in the universal framework\nif [ -d \"${SIMULATOR_LIBRARY_PATH}/Modules/${FRAMEWORK_NAME}.swiftmodule/\" ]; then\ncp -f ${SIMULATOR_LIBRARY_PATH}/Modules/${FRAMEWORK_NAME}.swiftmodule/ \"${FRAMEWORK}/Modules/${FRAMEWORK_NAME}.swiftmodule/\" | echo\nfi\n\nif [ -d \"${DEVICE_LIBRARY_PATH}/Modules/${FRAMEWORK_NAME}.swiftmodule/\" ]; then\ncp -f ${DEVICE_LIBRARY_PATH}/Modules/${FRAMEWORK_NAME}.swiftmodule/ \"${FRAMEWORK}/Modules/${FRAMEWORK_NAME}.swiftmodule/\" | echo\nfi\n\n######################\n# On Release, copy the result to release directory\n######################\nOUTPUT_DIR=\"${PROJECT_DIR}/Compiled Framework/\"\n\nrm -rf \"$OUTPUT_DIR\"\nmkdir -p \"$OUTPUT_DIR\"\n\ncp -r \"${FRAMEWORK}\" \"$OUTPUT_DIR\"\n\nrm -rf \"${UNIVERSAL_LIBRARY_DIR}\"\n\nif [ ${REVEAL_ARCHIVE_IN_FINDER} = true ]; then\nopen \"${OUTPUT_DIR}/\"\nfi";
		};
/* End PBXShellScriptBuildPhase section */

/* Begin PBXSourcesBuildPhase section */
		5C88E3CB1C4CE50C00527A25 /* Sources */ = {
			isa = PBXSourcesBuildPhase;
			buildActionMask = 2147483647;
			files = (
				5C4222781C50E40C00434178 /* CFGFileControllerTests.m in Sources */,
				5C05AE5B1C7E0F8600AD7D93 /* CFGConfigValueFetcherTests.m in Sources */,
				5C88E3E41C4CF49500527A25 /* CFGConfigControllerTests.m in Sources */,
				5C42227D1C510F5200434178 /* CFGResponseFactory.m in Sources */,
				5C88E3D21C4CE50C00527A25 /* ConfigoSDKTests.m in Sources */,
			);
			runOnlyForDeploymentPostprocessing = 0;
		};
		5C93DE781B806E150074D62A /* Sources */ = {
			isa = PBXSourcesBuildPhase;
			buildActionMask = 2147483647;
			files = (
				5CEE86631C4D4DF400D310C2 /* CFGConfig.m in Sources */,
				5CF08C381C26FBAD00A85493 /* NSData+NNSecurity.m in Sources */,
				5CF08C2E1C26FBAD00A85493 /* NNURLConnectionManager.m in Sources */,
				5CF08C301C26FBAD00A85493 /* NNURLRequestSerializer.m in Sources */,
				5CEA82F21B8DF976008F6D3B /* CFGConfigoDataController.m in Sources */,
				5C93DEE51B80744D0074D62A /* Configo.m in Sources */,
				5CF08C511C26FBAD00A85493 /* NNConstants.m in Sources */,
				5CF08C341C26FBAD00A85493 /* NSArray+NNAdditions.m in Sources */,
				5CF08C201C26FBAD00A85493 /* NNJSONObject.m in Sources */,
				5CACCDC51B821120009E343C /* CFGResponseHeader.m in Sources */,
				5CF08C4B1C26FBAD00A85493 /* NNJSONUtilities.m in Sources */,
				5CACEF821C2FE665005E6111 /* CFGConstants.m in Sources */,
				5CF08C441C26FBAD00A85493 /* NSURL+NNAddtions.m in Sources */,
				5CF08C4D1C26FBAD00A85493 /* NNLogger.m in Sources */,
				5CF08C321C26FBAD00A85493 /* NNURLResponseSerializer.m in Sources */,
				5CF08C241C26FBAD00A85493 /* NNReachabilityManager.m in Sources */,
				5CF08C471C26FBAD00A85493 /* UIDevice+NNAdditions.m in Sources */,
				5CF08C3C1C26FBAD00A85493 /* NSDictionary+NNAdditions.m in Sources */,
				5C2702131C82EBDA00D7508E /* CFGConfigController.m in Sources */,
				5CF08C401C26FBAD00A85493 /* NSObject+NNAdditions.m in Sources */,
				5C33AB0A1B8CA84500D85791 /* CFGConfigoData.m in Sources */,
				5CF08C4F1C26FBAD00A85493 /* NNUtilities.m in Sources */,
				5C5470201B84B55700C026D8 /* CFGInternalError.m in Sources */,
				5CF08C421C26FBAD00A85493 /* NSString+NNAdditions.m in Sources */,
				5CF08C361C26FBAD00A85493 /* NSData+NNAdditions.m in Sources */,
				5CF08C2A1C26FBAD00A85493 /* NNURLConstants.m in Sources */,
				5CF08C2C1C26FBAD00A85493 /* NNURLConnection.m in Sources */,
				5C27020E1C8272D900D7508E /* CFGFeature.m in Sources */,
				5C37E9EA1B821AAD001B80D6 /* CFGResponse.m in Sources */,
				5C1B63251B8F45C8000CCD9D /* CFGNetworkController.m in Sources */,
				5C11862A1BFA103A0048CBAA /* CFGPrivateConfigService.m in Sources */,
				5C05AE591C7E0DC400AD7D93 /* CFGConfigValueFetcher.m in Sources */,
				5CB451DE1BFE10A100BB0E97 /* CFGLogger.m in Sources */,
				5CF08C221C26FBAD00A85493 /* NNReachability.m in Sources */,
				5CF08C261C26FBAD00A85493 /* NNSecurity.m in Sources */,
				5CF08C281C26FBAD00A85493 /* NNAsyncRequest.m in Sources */,
				5C33AB0F1B8CAD6400D85791 /* CFGFileController.m in Sources */,
				5CF08C3A1C26FBAD00A85493 /* NSDate+NNAdditions.m in Sources */,
				5CF08C3E1C26FBAD00A85493 /* NSError+NNAdditions.m in Sources */,
				5CF08C571C26FBAD00A85493 /* NNUICKeyChainStore.m in Sources */,
			);
			runOnlyForDeploymentPostprocessing = 0;
		};
/* End PBXSourcesBuildPhase section */

/* Begin PBXTargetDependency section */
		5C88E3D61C4CE50C00527A25 /* PBXTargetDependency */ = {
			isa = PBXTargetDependency;
			target = 5C93DE7C1B806E150074D62A /* ConfigoSDK */;
			targetProxy = 5C88E3D51C4CE50C00527A25 /* PBXContainerItemProxy */;
		};
/* End PBXTargetDependency section */

/* Begin XCBuildConfiguration section */
		5C88E3D81C4CE50C00527A25 /* Debug */ = {
			isa = XCBuildConfiguration;
			baseConfigurationReference = 1C11C850F2514EFE6EB29343 /* Pods-ConfigoSDKTests.debug.xcconfig */;
			buildSettings = {
				DEBUG_INFORMATION_FORMAT = dwarf;
				EMBEDDED_CONTENT_CONTAINS_SWIFT = NO;
				INFOPLIST_FILE = ConfigoSDKTests/Info.plist;
				IPHONEOS_DEPLOYMENT_TARGET = 9.1;
				LD_RUNPATH_SEARCH_PATHS = "$(inherited) @executable_path/Frameworks @loader_path/Frameworks";
				OTHER_LDFLAGS = (
					"$(inherited)",
					"-all_load",
				);
				PRODUCT_BUNDLE_IDENTIFIER = io.configo.ConfigoSDKTests;
				PRODUCT_NAME = "$(TARGET_NAME)";
			};
			name = Debug;
		};
		5C88E3D91C4CE50C00527A25 /* Release */ = {
			isa = XCBuildConfiguration;
			baseConfigurationReference = 1F394503302E03E981E51AF3 /* Pods-ConfigoSDKTests.release.xcconfig */;
			buildSettings = {
				EMBEDDED_CONTENT_CONTAINS_SWIFT = NO;
				GCC_PREPROCESSOR_DEFINITIONS = "$(inherited)";
				INFOPLIST_FILE = ConfigoSDKTests/Info.plist;
				IPHONEOS_DEPLOYMENT_TARGET = 9.1;
				LD_RUNPATH_SEARCH_PATHS = "$(inherited) @executable_path/Frameworks @loader_path/Frameworks";
				OTHER_CFLAGS = (
					"$(inherited)",
					"-isystem",
					"\"${PODS_ROOT}/Headers/Public\"",
					"-isystem",
					"\"${PODS_ROOT}/Headers/Public/OCMock\"",
					"-isystem",
					"\"${PODS_ROOT}/Headers/Public/OHHTTPStubs\"",
				);
				OTHER_LDFLAGS = (
					"$(inherited)",
					"-all_load",
				);
				PRODUCT_BUNDLE_IDENTIFIER = io.configo.ConfigoSDKTests;
				PRODUCT_NAME = "$(TARGET_NAME)";
			};
			name = Release;
		};
		5C8CBE0D1BDE26A4006465D2 /* Debug */ = {
			isa = XCBuildConfiguration;
			buildSettings = {
				PRODUCT_NAME = "$(TARGET_NAME)";
			};
			name = Debug;
		};
		5C8CBE0E1BDE26A4006465D2 /* Release */ = {
			isa = XCBuildConfiguration;
			buildSettings = {
				PRODUCT_NAME = "$(TARGET_NAME)";
			};
			name = Release;
		};
		5C93DE911B806E150074D62A /* Debug */ = {
			isa = XCBuildConfiguration;
			buildSettings = {
				ALWAYS_SEARCH_USER_PATHS = NO;
				CLANG_CXX_LANGUAGE_STANDARD = "gnu++0x";
				CLANG_CXX_LIBRARY = "libc++";
				CLANG_ENABLE_MODULES = YES;
				CLANG_ENABLE_OBJC_ARC = YES;
				CLANG_WARN_BOOL_CONVERSION = YES;
				CLANG_WARN_CONSTANT_CONVERSION = YES;
				CLANG_WARN_DIRECT_OBJC_ISA_USAGE = YES_ERROR;
				CLANG_WARN_EMPTY_BODY = YES;
				CLANG_WARN_ENUM_CONVERSION = YES;
				CLANG_WARN_INT_CONVERSION = YES;
				CLANG_WARN_OBJC_ROOT_CLASS = YES_ERROR;
				CLANG_WARN_UNREACHABLE_CODE = YES;
				CLANG_WARN__DUPLICATE_METHOD_MATCH = YES;
				"CODE_SIGN_IDENTITY[sdk=iphoneos*]" = "iPhone Developer";
				COPY_PHASE_STRIP = NO;
				CURRENT_PROJECT_VERSION = 187;
				DEBUG_INFORMATION_FORMAT = "dwarf-with-dsym";
				ENABLE_STRICT_OBJC_MSGSEND = YES;
				ENABLE_TESTABILITY = YES;
				GCC_C_LANGUAGE_STANDARD = gnu99;
				GCC_DYNAMIC_NO_PIC = NO;
				GCC_NO_COMMON_BLOCKS = YES;
				GCC_OPTIMIZATION_LEVEL = 0;
				GCC_PREPROCESSOR_DEFINITIONS = (
					"DEBUG=1",
					"$(inherited)",
				);
				GCC_SYMBOLS_PRIVATE_EXTERN = NO;
				GCC_WARN_64_TO_32_BIT_CONVERSION = YES;
				GCC_WARN_ABOUT_RETURN_TYPE = YES_ERROR;
				GCC_WARN_UNDECLARED_SELECTOR = YES;
				GCC_WARN_UNINITIALIZED_AUTOS = YES_AGGRESSIVE;
				GCC_WARN_UNUSED_FUNCTION = YES;
				GCC_WARN_UNUSED_VARIABLE = YES;
				IPHONEOS_DEPLOYMENT_TARGET = 8.4;
				MTL_ENABLE_DEBUG_INFO = YES;
				ONLY_ACTIVE_ARCH = YES;
				SDKROOT = iphoneos;
				TARGETED_DEVICE_FAMILY = "1,2";
				VERSIONING_SYSTEM = "apple-generic";
				VERSION_INFO_PREFIX = "";
			};
			name = Debug;
		};
		5C93DE921B806E150074D62A /* Release */ = {
			isa = XCBuildConfiguration;
			buildSettings = {
				ALWAYS_SEARCH_USER_PATHS = NO;
				CLANG_CXX_LANGUAGE_STANDARD = "gnu++0x";
				CLANG_CXX_LIBRARY = "libc++";
				CLANG_ENABLE_MODULES = YES;
				CLANG_ENABLE_OBJC_ARC = YES;
				CLANG_WARN_BOOL_CONVERSION = YES;
				CLANG_WARN_CONSTANT_CONVERSION = YES;
				CLANG_WARN_DIRECT_OBJC_ISA_USAGE = YES_ERROR;
				CLANG_WARN_EMPTY_BODY = YES;
				CLANG_WARN_ENUM_CONVERSION = YES;
				CLANG_WARN_INT_CONVERSION = YES;
				CLANG_WARN_OBJC_ROOT_CLASS = YES_ERROR;
				CLANG_WARN_UNREACHABLE_CODE = YES;
				CLANG_WARN__DUPLICATE_METHOD_MATCH = YES;
				"CODE_SIGN_IDENTITY[sdk=iphoneos*]" = "iPhone Developer";
				COPY_PHASE_STRIP = NO;
				CURRENT_PROJECT_VERSION = 187;
				DEBUG_INFORMATION_FORMAT = "dwarf-with-dsym";
				ENABLE_NS_ASSERTIONS = NO;
				ENABLE_STRICT_OBJC_MSGSEND = YES;
				GCC_C_LANGUAGE_STANDARD = gnu99;
				GCC_NO_COMMON_BLOCKS = YES;
				GCC_WARN_64_TO_32_BIT_CONVERSION = YES;
				GCC_WARN_ABOUT_RETURN_TYPE = YES_ERROR;
				GCC_WARN_UNDECLARED_SELECTOR = YES;
				GCC_WARN_UNINITIALIZED_AUTOS = YES_AGGRESSIVE;
				GCC_WARN_UNUSED_FUNCTION = YES;
				GCC_WARN_UNUSED_VARIABLE = YES;
				IPHONEOS_DEPLOYMENT_TARGET = 8.4;
				MTL_ENABLE_DEBUG_INFO = NO;
				SDKROOT = iphoneos;
				TARGETED_DEVICE_FAMILY = "1,2";
				VALIDATE_PRODUCT = YES;
				VERSIONING_SYSTEM = "apple-generic";
				VERSION_INFO_PREFIX = "";
			};
			name = Release;
		};
		5C93DE941B806E150074D62A /* Debug */ = {
			isa = XCBuildConfiguration;
			buildSettings = {
				CLANG_ENABLE_MODULES = NO;
				CLANG_WARN_DOCUMENTATION_COMMENTS = YES;
				CODE_SIGN_IDENTITY = "iPhone Developer";
				"CODE_SIGN_IDENTITY[sdk=iphoneos*]" = "iPhone Developer";
				DEAD_CODE_STRIPPING = NO;
				DEBUG_INFORMATION_FORMAT = dwarf;
				DEFINES_MODULE = YES;
				DYLIB_COMPATIBILITY_VERSION = 1;
				DYLIB_CURRENT_VERSION = 187;
				DYLIB_INSTALL_NAME_BASE = "@rpath";
				HEADER_SEARCH_PATHS = "${BUILT_PRODUCTS_DIR}/include/NNLibraries";
				INFOPLIST_FILE = ConfigoSDK/Info.plist;
				INSTALL_PATH = "$(LOCAL_LIBRARY_DIR)/Frameworks";
				IPHONEOS_DEPLOYMENT_TARGET = 7.0;
				LD_RUNPATH_SEARCH_PATHS = "$(inherited) @executable_path/Frameworks @loader_path/Frameworks";
				LIBRARY_SEARCH_PATHS = "${BUILT_PRODUCTS_DIR}";
				MACH_O_TYPE = staticlib;
				ONLY_ACTIVE_ARCH = YES;
				OTHER_CFLAGS = "";
				OTHER_LDFLAGS = (
					"$(inherited)",
					"-all_load",
					"-ObjC",
				);
				PRECOMPS_INCLUDE_HEADERS_FROM_BUILT_PRODUCTS_DIR = YES;
				PRODUCT_BUNDLE_IDENTIFIER = io.configo.sdk;
				PRODUCT_NAME = "$(TARGET_NAME)";
				PROVISIONING_PROFILE = "";
				SKIP_INSTALL = YES;
				STRIP_INSTALLED_PRODUCT = NO;
				STRIP_STYLE = "non-global";
			};
			name = Debug;
		};
		5C93DE951B806E150074D62A /* Release */ = {
			isa = XCBuildConfiguration;
			buildSettings = {
				CLANG_ENABLE_MODULES = NO;
				CLANG_WARN_DOCUMENTATION_COMMENTS = YES;
				CODE_SIGN_IDENTITY = "iPhone Developer";
				"CODE_SIGN_IDENTITY[sdk=iphoneos*]" = "iPhone Developer";
				DEAD_CODE_STRIPPING = NO;
				DEBUG_INFORMATION_FORMAT = dwarf;
				DEFINES_MODULE = YES;
				DYLIB_COMPATIBILITY_VERSION = 1;
				DYLIB_CURRENT_VERSION = 187;
				DYLIB_INSTALL_NAME_BASE = "@rpath";
				HEADER_SEARCH_PATHS = "${BUILT_PRODUCTS_DIR}/include/NNLibraries";
				INFOPLIST_FILE = ConfigoSDK/Info.plist;
				INSTALL_PATH = "$(LOCAL_LIBRARY_DIR)/Frameworks";
				IPHONEOS_DEPLOYMENT_TARGET = 7.0;
				LD_RUNPATH_SEARCH_PATHS = "$(inherited) @executable_path/Frameworks @loader_path/Frameworks";
				LIBRARY_SEARCH_PATHS = "${BUILT_PRODUCTS_DIR}";
				MACH_O_TYPE = staticlib;
				OTHER_LDFLAGS = (
					"$(inherited)",
					"-all_load",
					"-ObjC",
				);
				PRECOMPS_INCLUDE_HEADERS_FROM_BUILT_PRODUCTS_DIR = YES;
				PRODUCT_BUNDLE_IDENTIFIER = io.configo.sdk;
				PRODUCT_NAME = "$(TARGET_NAME)";
				PROVISIONING_PROFILE = "";
				SKIP_INSTALL = YES;
				STRIP_INSTALLED_PRODUCT = NO;
				STRIP_STYLE = "non-global";
			};
			name = Release;
		};
/* End XCBuildConfiguration section */

/* Begin XCConfigurationList section */
		5C88E3D71C4CE50C00527A25 /* Build configuration list for PBXNativeTarget "ConfigoSDKTests" */ = {
			isa = XCConfigurationList;
			buildConfigurations = (
				5C88E3D81C4CE50C00527A25 /* Debug */,
				5C88E3D91C4CE50C00527A25 /* Release */,
			);
			defaultConfigurationIsVisible = 0;
			defaultConfigurationName = Release;
		};
		5C8CBE101BDE26A4006465D2 /* Build configuration list for PBXAggregateTarget "Configo-Universal" */ = {
			isa = XCConfigurationList;
			buildConfigurations = (
				5C8CBE0D1BDE26A4006465D2 /* Debug */,
				5C8CBE0E1BDE26A4006465D2 /* Release */,
			);
			defaultConfigurationIsVisible = 0;
			defaultConfigurationName = Release;
		};
		5C93DE771B806E150074D62A /* Build configuration list for PBXProject "ConfigoSDK" */ = {
			isa = XCConfigurationList;
			buildConfigurations = (
				5C93DE911B806E150074D62A /* Debug */,
				5C93DE921B806E150074D62A /* Release */,
			);
			defaultConfigurationIsVisible = 0;
			defaultConfigurationName = Release;
		};
		5C93DE931B806E150074D62A /* Build configuration list for PBXNativeTarget "ConfigoSDK" */ = {
			isa = XCConfigurationList;
			buildConfigurations = (
				5C93DE941B806E150074D62A /* Debug */,
				5C93DE951B806E150074D62A /* Release */,
			);
			defaultConfigurationIsVisible = 0;
			defaultConfigurationName = Release;
		};
/* End XCConfigurationList section */
	};
	rootObject = 5C93DE741B806E150074D62A /* Project object */;
}
