// !$*UTF8*$!
{
	archiveVersion = 1;
	classes = {
	};
	objectVersion = 46;
	objects = {

/* Begin PBXBuildFile section */
		535696450EB136BB4276D8C4 /* libPods.a in Frameworks */ = {isa = PBXBuildFile; fileRef = D0C2B64F298476804CE2D44B /* libPods.a */; };
		5C219EA71C0AEBC5003CF89E /* DemoViewController.m in Sources */ = {isa = PBXBuildFile; fileRef = 5C219EA61C0AEBC5003CF89E /* DemoViewController.m */; };
		5C5846231CB3C071008D7A36 /* ViewController.m in Sources */ = {isa = PBXBuildFile; fileRef = 5C93DEB31B806F900074D62A /* ViewController.m */; };
		5C93DEAE1B806F900074D62A /* main.m in Sources */ = {isa = PBXBuildFile; fileRef = 5C93DEAD1B806F900074D62A /* main.m */; };
		5C93DEB11B806F900074D62A /* AppDelegate.m in Sources */ = {isa = PBXBuildFile; fileRef = 5C93DEB01B806F900074D62A /* AppDelegate.m */; };
		5C93DEB71B806F900074D62A /* Main.storyboard in Resources */ = {isa = PBXBuildFile; fileRef = 5C93DEB51B806F900074D62A /* Main.storyboard */; };
		5C93DEB91B806F900074D62A /* Images.xcassets in Resources */ = {isa = PBXBuildFile; fileRef = 5C93DEB81B806F900074D62A /* Images.xcassets */; };
		5C93DEBC1B806F900074D62A /* LaunchScreen.xib in Resources */ = {isa = PBXBuildFile; fileRef = 5C93DEBA1B806F900074D62A /* LaunchScreen.xib */; };
		5CC924C21C18620F00CEF97D /* CoreTelephony.framework in Frameworks */ = {isa = PBXBuildFile; fileRef = 5CC924C11C18620F00CEF97D /* CoreTelephony.framework */; };
		5CC924C41C18621500CEF97D /* SystemConfiguration.framework in Frameworks */ = {isa = PBXBuildFile; fileRef = 5CC924C31C18621500CEF97D /* SystemConfiguration.framework */; };
/* End PBXBuildFile section */

/* Begin PBXFileReference section */
		5C219EA51C0AEBC5003CF89E /* DemoViewController.h */ = {isa = PBXFileReference; fileEncoding = 4; lastKnownFileType = sourcecode.c.h; path = DemoViewController.h; sourceTree = "<group>"; };
		5C219EA61C0AEBC5003CF89E /* DemoViewController.m */ = {isa = PBXFileReference; fileEncoding = 4; lastKnownFileType = sourcecode.c.objc; path = DemoViewController.m; sourceTree = "<group>"; };
		5C93DEA81B806F900074D62A /* ConfigoExample.app */ = {isa = PBXFileReference; explicitFileType = wrapper.application; includeInIndex = 0; path = ConfigoExample.app; sourceTree = BUILT_PRODUCTS_DIR; };
		5C93DEAC1B806F900074D62A /* Info.plist */ = {isa = PBXFileReference; lastKnownFileType = text.plist.xml; name = Info.plist; path = Resources/Info.plist; sourceTree = "<group>"; };
		5C93DEAD1B806F900074D62A /* main.m */ = {isa = PBXFileReference; lastKnownFileType = sourcecode.c.objc; path = main.m; sourceTree = "<group>"; };
		5C93DEAF1B806F900074D62A /* AppDelegate.h */ = {isa = PBXFileReference; lastKnownFileType = sourcecode.c.h; path = AppDelegate.h; sourceTree = "<group>"; };
		5C93DEB01B806F900074D62A /* AppDelegate.m */ = {isa = PBXFileReference; lastKnownFileType = sourcecode.c.objc; path = AppDelegate.m; sourceTree = "<group>"; };
		5C93DEB21B806F900074D62A /* ViewController.h */ = {isa = PBXFileReference; lastKnownFileType = sourcecode.c.h; path = ViewController.h; sourceTree = "<group>"; };
		5C93DEB31B806F900074D62A /* ViewController.m */ = {isa = PBXFileReference; lastKnownFileType = sourcecode.c.objc; path = ViewController.m; sourceTree = "<group>"; };
		5C93DEB61B806F900074D62A /* Base */ = {isa = PBXFileReference; lastKnownFileType = file.storyboard; name = Base; path = Base.lproj/Main.storyboard; sourceTree = "<group>"; };
		5C93DEB81B806F900074D62A /* Images.xcassets */ = {isa = PBXFileReference; lastKnownFileType = folder.assetcatalog; name = Images.xcassets; path = Resources/Images.xcassets; sourceTree = "<group>"; };
		5C93DEBB1B806F900074D62A /* Base */ = {isa = PBXFileReference; lastKnownFileType = file.xib; name = Base; path = Base.lproj/LaunchScreen.xib; sourceTree = "<group>"; };
		5CC924C11C18620F00CEF97D /* CoreTelephony.framework */ = {isa = PBXFileReference; lastKnownFileType = wrapper.framework; name = CoreTelephony.framework; path = System/Library/Frameworks/CoreTelephony.framework; sourceTree = SDKROOT; };
		5CC924C31C18621500CEF97D /* SystemConfiguration.framework */ = {isa = PBXFileReference; lastKnownFileType = wrapper.framework; name = SystemConfiguration.framework; path = System/Library/Frameworks/SystemConfiguration.framework; sourceTree = SDKROOT; };
		A1465D71694488F264261229 /* Pods.debug.xcconfig */ = {isa = PBXFileReference; includeInIndex = 1; lastKnownFileType = text.xcconfig; name = Pods.debug.xcconfig; path = "Pods/Target Support Files/Pods/Pods.debug.xcconfig"; sourceTree = "<group>"; };
		AA9405262543206646078334 /* Pods.release.xcconfig */ = {isa = PBXFileReference; includeInIndex = 1; lastKnownFileType = text.xcconfig; name = Pods.release.xcconfig; path = "Pods/Target Support Files/Pods/Pods.release.xcconfig"; sourceTree = "<group>"; };
		D0C2B64F298476804CE2D44B /* libPods.a */ = {isa = PBXFileReference; explicitFileType = archive.ar; includeInIndex = 0; path = libPods.a; sourceTree = BUILT_PRODUCTS_DIR; };
/* End PBXFileReference section */

/* Begin PBXFrameworksBuildPhase section */
		5C93DEA51B806F900074D62A /* Frameworks */ = {
			isa = PBXFrameworksBuildPhase;
			buildActionMask = 2147483647;
			files = (
				5CC924C41C18621500CEF97D /* SystemConfiguration.framework in Frameworks */,
				5CC924C21C18620F00CEF97D /* CoreTelephony.framework in Frameworks */,
				535696450EB136BB4276D8C4 /* libPods.a in Frameworks */,
			);
			runOnlyForDeploymentPostprocessing = 0;
		};
/* End PBXFrameworksBuildPhase section */

/* Begin PBXGroup section */
		5C1B62EE1B8EE7B1000CCD9D /* Resources */ = {
			isa = PBXGroup;
			children = (
				5C93DEB51B806F900074D62A /* Main.storyboard */,
				5C93DEB81B806F900074D62A /* Images.xcassets */,
				5C93DEBA1B806F900074D62A /* LaunchScreen.xib */,
			);
			name = Resources;
			sourceTree = "<group>";
		};
		5C93DE9F1B806F900074D62A = {
			isa = PBXGroup;
			children = (
				5C93DEAA1B806F900074D62A /* ConfigoExample */,
				5CC924C51C18637F00CEF97D /* Frameworks */,
				5C93DEA91B806F900074D62A /* Products */,
				BD0D725E7BC32C8FA84A1044 /* Pods */,
			);
			sourceTree = "<group>";
		};
		5C93DEA91B806F900074D62A /* Products */ = {
			isa = PBXGroup;
			children = (
				5C93DEA81B806F900074D62A /* ConfigoExample.app */,
			);
			name = Products;
			sourceTree = "<group>";
		};
		5C93DEAA1B806F900074D62A /* ConfigoExample */ = {
			isa = PBXGroup;
			children = (
				5C93DEAF1B806F900074D62A /* AppDelegate.h */,
				5C93DEB01B806F900074D62A /* AppDelegate.m */,
				5C93DEB21B806F900074D62A /* ViewController.h */,
				5C93DEB31B806F900074D62A /* ViewController.m */,
				5C219EA51C0AEBC5003CF89E /* DemoViewController.h */,
				5C219EA61C0AEBC5003CF89E /* DemoViewController.m */,
				5C1B62EE1B8EE7B1000CCD9D /* Resources */,
				5C93DEAB1B806F900074D62A /* Supporting Files */,
			);
			path = ConfigoExample;
			sourceTree = "<group>";
		};
		5C93DEAB1B806F900074D62A /* Supporting Files */ = {
			isa = PBXGroup;
			children = (
				5C93DEAC1B806F900074D62A /* Info.plist */,
				5C93DEAD1B806F900074D62A /* main.m */,
			);
			name = "Supporting Files";
			sourceTree = "<group>";
		};
		5CC924C51C18637F00CEF97D /* Frameworks */ = {
			isa = PBXGroup;
			children = (
				5CC924C31C18621500CEF97D /* SystemConfiguration.framework */,
				5CC924C11C18620F00CEF97D /* CoreTelephony.framework */,
				D0C2B64F298476804CE2D44B /* libPods.a */,
			);
			name = Frameworks;
			sourceTree = "<group>";
		};
		BD0D725E7BC32C8FA84A1044 /* Pods */ = {
			isa = PBXGroup;
			children = (
				A1465D71694488F264261229 /* Pods.debug.xcconfig */,
				AA9405262543206646078334 /* Pods.release.xcconfig */,
			);
			name = Pods;
			sourceTree = "<group>";
		};
/* End PBXGroup section */

/* Begin PBXNativeTarget section */
		5C93DEA71B806F900074D62A /* ConfigoExample */ = {
			isa = PBXNativeTarget;
			buildConfigurationList = 5C93DECB1B806F900074D62A /* Build configuration list for PBXNativeTarget "ConfigoExample" */;
			buildPhases = (
				562F11314567254974C1B962 /* Check Pods Manifest.lock */,
				5C93DEA41B806F900074D62A /* Sources */,
				5C93DEA51B806F900074D62A /* Frameworks */,
				5C93DEA61B806F900074D62A /* Resources */,
				5CAAD80B1BDC255800C562F2 /* ShellScript */,
				265ABF181205935342C18236 /* Embed Pods Frameworks */,
				1E2BB4BC326C82150494A029 /* Copy Pods Resources */,
			);
			buildRules = (
			);
			dependencies = (
			);
			name = ConfigoExample;
			productName = ConfigoExample;
			productReference = 5C93DEA81B806F900074D62A /* ConfigoExample.app */;
			productType = "com.apple.product-type.application";
		};
/* End PBXNativeTarget section */

/* Begin PBXProject section */
		5C93DEA01B806F900074D62A /* Project object */ = {
			isa = PBXProject;
			attributes = {
				LastUpgradeCheck = 0700;
				ORGANIZATIONNAME = Configo;
				TargetAttributes = {
					5C93DEA71B806F900074D62A = {
						CreatedOnToolsVersion = 6.4;
						DevelopmentTeam = A6L3AKSZBQ;
						SystemCapabilities = {
							com.apple.BackgroundModes = {
								enabled = 1;
							};
							com.apple.Keychain = {
								enabled = 0;
							};
							com.apple.Push = {
								enabled = 1;
							};
						};
					};
				};
			};
			buildConfigurationList = 5C93DEA31B806F900074D62A /* Build configuration list for PBXProject "ConfigoExample" */;
			compatibilityVersion = "Xcode 3.2";
			developmentRegion = English;
			hasScannedForEncodings = 0;
			knownRegions = (
				Base,
			);
			mainGroup = 5C93DE9F1B806F900074D62A;
			productRefGroup = 5C93DEA91B806F900074D62A /* Products */;
			projectDirPath = "";
			projectRoot = "";
			targets = (
				5C93DEA71B806F900074D62A /* ConfigoExample */,
			);
		};
/* End PBXProject section */

/* Begin PBXResourcesBuildPhase section */
		5C93DEA61B806F900074D62A /* Resources */ = {
			isa = PBXResourcesBuildPhase;
			buildActionMask = 2147483647;
			files = (
				5C93DEB71B806F900074D62A /* Main.storyboard in Resources */,
				5C93DEBC1B806F900074D62A /* LaunchScreen.xib in Resources */,
				5C93DEB91B806F900074D62A /* Images.xcassets in Resources */,
			);
			runOnlyForDeploymentPostprocessing = 0;
		};
/* End PBXResourcesBuildPhase section */

/* Begin PBXShellScriptBuildPhase section */
		1E2BB4BC326C82150494A029 /* Copy Pods Resources */ = {
			isa = PBXShellScriptBuildPhase;
			buildActionMask = 2147483647;
			files = (
			);
			inputPaths = (
			);
			name = "Copy Pods Resources";
			outputPaths = (
			);
			runOnlyForDeploymentPostprocessing = 0;
			shellPath = /bin/sh;
			shellScript = "\"${SRCROOT}/Pods/Target Support Files/Pods/Pods-resources.sh\"\n";
			showEnvVarsInLog = 0;
		};
		265ABF181205935342C18236 /* Embed Pods Frameworks */ = {
			isa = PBXShellScriptBuildPhase;
			buildActionMask = 2147483647;
			files = (
			);
			inputPaths = (
			);
			name = "Embed Pods Frameworks";
			outputPaths = (
			);
			runOnlyForDeploymentPostprocessing = 0;
			shellPath = /bin/sh;
			shellScript = "\"${SRCROOT}/Pods/Target Support Files/Pods/Pods-frameworks.sh\"\n";
			showEnvVarsInLog = 0;
		};
		562F11314567254974C1B962 /* Check Pods Manifest.lock */ = {
			isa = PBXShellScriptBuildPhase;
			buildActionMask = 2147483647;
			files = (
			);
			inputPaths = (
			);
			name = "Check Pods Manifest.lock";
			outputPaths = (
			);
			runOnlyForDeploymentPostprocessing = 0;
			shellPath = /bin/sh;
			shellScript = "diff \"${PODS_ROOT}/../Podfile.lock\" \"${PODS_ROOT}/Manifest.lock\" > /dev/null\nif [[ $? != 0 ]] ; then\n    cat << EOM\nerror: The sandbox is not in sync with the Podfile.lock. Run 'pod install' or update your CocoaPods installation.\nEOM\n    exit 1\nfi\n";
			showEnvVarsInLog = 0;
		};
		5CAAD80B1BDC255800C562F2 /* ShellScript */ = {
			isa = PBXShellScriptBuildPhase;
			buildActionMask = 2147483647;
			files = (
			);
			inputPaths = (
			);
			outputPaths = (
			);
			runOnlyForDeploymentPostprocessing = 0;
			shellPath = /bin/sh;
			shellScript = "#./Fabric.framework/run 856e69edba8d56490fe5ec6a785710f9cfddbf38 de4cac50358be4044e53b5393262e47fd6ac04a4e4e2ab1bc646e0a176f85ef2./Fabric.framework/run 856e69edba8d56490fe5ec6a785710f9cfddbf38 de4cac50358be4044e53b5393262e47fd6ac04a4e4e2ab1bc646e0a176f85ef2";
		};
/* End PBXShellScriptBuildPhase section */

/* Begin PBXSourcesBuildPhase section */
		5C93DEA41B806F900074D62A /* Sources */ = {
			isa = PBXSourcesBuildPhase;
			buildActionMask = 2147483647;
			files = (
				5C93DEB11B806F900074D62A /* AppDelegate.m in Sources */,
				5C93DEAE1B806F900074D62A /* main.m in Sources */,
				5C5846231CB3C071008D7A36 /* ViewController.m in Sources */,
				5C219EA71C0AEBC5003CF89E /* DemoViewController.m in Sources */,
			);
			runOnlyForDeploymentPostprocessing = 0;
		};
/* End PBXSourcesBuildPhase section */

/* Begin PBXVariantGroup section */
		5C93DEB51B806F900074D62A /* Main.storyboard */ = {
			isa = PBXVariantGroup;
			children = (
				5C93DEB61B806F900074D62A /* Base */,
			);
			name = Main.storyboard;
			path = Resources;
			sourceTree = "<group>";
		};
		5C93DEBA1B806F900074D62A /* LaunchScreen.xib */ = {
			isa = PBXVariantGroup;
			children = (
				5C93DEBB1B806F900074D62A /* Base */,
			);
			name = LaunchScreen.xib;
			path = Resources;
			sourceTree = "<group>";
		};
/* End PBXVariantGroup section */

/* Begin XCBuildConfiguration section */
		5C93DEC91B806F900074D62A /* Debug */ = {
			isa = XCBuildConfiguration;
			buildSettings = {
				ALWAYS_SEARCH_USER_PATHS = NO;
				CLANG_CXX_LANGUAGE_STANDARD = "gnu++0x";
				CLANG_CXX_LIBRARY = "libc++";
				CLANG_ENABLE_MODULES = YES;
				CLANG_ENABLE_OBJC_ARC = YES;
				CLANG_WARN_BOOL_CONVERSION = YES;
				CLANG_WARN_CONSTANT_CONVERSION = YES;
				CLANG_WARN_DIRECT_OBJC_ISA_USAGE = YES_ERROR;
				CLANG_WARN_EMPTY_BODY = YES;
				CLANG_WARN_ENUM_CONVERSION = YES;
				CLANG_WARN_INT_CONVERSION = YES;
				CLANG_WARN_OBJC_ROOT_CLASS = YES_ERROR;
				CLANG_WARN_UNREACHABLE_CODE = YES;
				CLANG_WARN__DUPLICATE_METHOD_MATCH = YES;
				"CODE_SIGN_IDENTITY[sdk=iphoneos*]" = "iPhone Developer";
				COPY_PHASE_STRIP = NO;
				DEBUG_INFORMATION_FORMAT = "dwarf-with-dsym";
				ENABLE_STRICT_OBJC_MSGSEND = YES;
				ENABLE_TESTABILITY = YES;
				GCC_C_LANGUAGE_STANDARD = gnu99;
				GCC_DYNAMIC_NO_PIC = NO;
				GCC_NO_COMMON_BLOCKS = YES;
				GCC_OPTIMIZATION_LEVEL = 0;
				GCC_PREPROCESSOR_DEFINITIONS = (
					"DEBUG=1",
					"$(inherited)",
				);
				GCC_SYMBOLS_PRIVATE_EXTERN = NO;
				GCC_WARN_64_TO_32_BIT_CONVERSION = YES;
				GCC_WARN_ABOUT_RETURN_TYPE = YES_ERROR;
				GCC_WARN_UNDECLARED_SELECTOR = YES;
				GCC_WARN_UNINITIALIZED_AUTOS = YES_AGGRESSIVE;
				GCC_WARN_UNUSED_FUNCTION = YES;
				GCC_WARN_UNUSED_VARIABLE = YES;
				IPHONEOS_DEPLOYMENT_TARGET = 8.0;
				MTL_ENABLE_DEBUG_INFO = YES;
				ONLY_ACTIVE_ARCH = YES;
				SDKROOT = iphoneos;
				TARGETED_DEVICE_FAMILY = "1,2";
			};
			name = Debug;
		};
		5C93DECA1B806F900074D62A /* Release */ = {
			isa = XCBuildConfiguration;
			buildSettings = {
				ALWAYS_SEARCH_USER_PATHS = NO;
				CLANG_CXX_LANGUAGE_STANDARD = "gnu++0x";
				CLANG_CXX_LIBRARY = "libc++";
				CLANG_ENABLE_MODULES = YES;
				CLANG_ENABLE_OBJC_ARC = YES;
				CLANG_WARN_BOOL_CONVERSION = YES;
				CLANG_WARN_CONSTANT_CONVERSION = YES;
				CLANG_WARN_DIRECT_OBJC_ISA_USAGE = YES_ERROR;
				CLANG_WARN_EMPTY_BODY = YES;
				CLANG_WARN_ENUM_CONVERSION = YES;
				CLANG_WARN_INT_CONVERSION = YES;
				CLANG_WARN_OBJC_ROOT_CLASS = YES_ERROR;
				CLANG_WARN_UNREACHABLE_CODE = YES;
				CLANG_WARN__DUPLICATE_METHOD_MATCH = YES;
				"CODE_SIGN_IDENTITY[sdk=iphoneos*]" = "iPhone Developer";
				COPY_PHASE_STRIP = NO;
				DEBUG_INFORMATION_FORMAT = "dwarf-with-dsym";
				ENABLE_NS_ASSERTIONS = NO;
				ENABLE_STRICT_OBJC_MSGSEND = YES;
				GCC_C_LANGUAGE_STANDARD = gnu99;
				GCC_NO_COMMON_BLOCKS = YES;
				GCC_WARN_64_TO_32_BIT_CONVERSION = YES;
				GCC_WARN_ABOUT_RETURN_TYPE = YES_ERROR;
				GCC_WARN_UNDECLARED_SELECTOR = YES;
				GCC_WARN_UNINITIALIZED_AUTOS = YES_AGGRESSIVE;
				GCC_WARN_UNUSED_FUNCTION = YES;
				GCC_WARN_UNUSED_VARIABLE = YES;
				IPHONEOS_DEPLOYMENT_TARGET = 8.0;
				MTL_ENABLE_DEBUG_INFO = NO;
				SDKROOT = iphoneos;
				TARGETED_DEVICE_FAMILY = "1,2";
				VALIDATE_PRODUCT = YES;
			};
			name = Release;
		};
		5C93DECC1B806F900074D62A /* Debug */ = {
			isa = XCBuildConfiguration;
			baseConfigurationReference = A1465D71694488F264261229 /* Pods.debug.xcconfig */;
			buildSettings = {
				ASSETCATALOG_COMPILER_APPICON_NAME = AppIcon;
				ASSETCATALOG_COMPILER_LAUNCHIMAGE_NAME = BrandAsset;
				CODE_SIGN_IDENTITY = "iPhone Developer";
				"CODE_SIGN_IDENTITY[sdk=iphoneos*]" = "iPhone Developer";
				DEAD_CODE_STRIPPING = NO;
				FRAMEWORK_SEARCH_PATHS = (
					"${BUILT_PRODUCTS_DIR}",
					"$(PROJECT_DIR)",
				);
				INFOPLIST_FILE = "$(SRCROOT)/ConfigoExample/Resources/Info.plist";
				IPHONEOS_DEPLOYMENT_TARGET = 8.0;
				LD_RUNPATH_SEARCH_PATHS = "$(inherited) @executable_path/Frameworks";
				ONLY_ACTIVE_ARCH = YES;
				OTHER_LDFLAGS = "$(inherited)";
				PRODUCT_BUNDLE_IDENTIFIER = io.configo.pushexample;
				PRODUCT_NAME = "$(TARGET_NAME)";
				PROVISIONING_PROFILE = "";
			};
			name = Debug;
		};
		5C93DECD1B806F900074D62A /* Release */ = {
			isa = XCBuildConfiguration;
			baseConfigurationReference = AA9405262543206646078334 /* Pods.release.xcconfig */;
			buildSettings = {
				ASSETCATALOG_COMPILER_APPICON_NAME = AppIcon;
				ASSETCATALOG_COMPILER_LAUNCHIMAGE_NAME = BrandAsset;
				CODE_SIGN_IDENTITY = "iPhone Developer";
				"CODE_SIGN_IDENTITY[sdk=iphoneos*]" = "iPhone Developer";
				DEAD_CODE_STRIPPING = NO;
				FRAMEWORK_SEARCH_PATHS = (
					"${BUILT_PRODUCTS_DIR}",
					"$(PROJECT_DIR)",
				);
				INFOPLIST_FILE = "$(SRCROOT)/ConfigoExample/Resources/Info.plist";
				IPHONEOS_DEPLOYMENT_TARGET = 8.0;
				LD_RUNPATH_SEARCH_PATHS = "$(inherited) @executable_path/Frameworks";
				ONLY_ACTIVE_ARCH = YES;
				OTHER_LDFLAGS = "$(inherited)";
				PRODUCT_BUNDLE_IDENTIFIER = io.configo.pushexample;
				PRODUCT_NAME = "$(TARGET_NAME)";
				PROVISIONING_PROFILE = "";
			};
			name = Release;
		};
/* End XCBuildConfiguration section */

/* Begin XCConfigurationList section */
		5C93DEA31B806F900074D62A /* Build configuration list for PBXProject "ConfigoExample" */ = {
			isa = XCConfigurationList;
			buildConfigurations = (
				5C93DEC91B806F900074D62A /* Debug */,
				5C93DECA1B806F900074D62A /* Release */,
			);
			defaultConfigurationIsVisible = 0;
			defaultConfigurationName = Release;
		};
		5C93DECB1B806F900074D62A /* Build configuration list for PBXNativeTarget "ConfigoExample" */ = {
			isa = XCConfigurationList;
			buildConfigurations = (
				5C93DECC1B806F900074D62A /* Debug */,
				5C93DECD1B806F900074D62A /* Release */,
			);
			defaultConfigurationIsVisible = 0;
			defaultConfigurationName = Release;
		};
/* End XCConfigurationList section */
	};
	rootObject = 5C93DEA01B806F900074D62A /* Project object */;
}
